// !$*UTF8*$!
{
	archiveVersion = 1;
	classes = {
	};
	objectVersion = 50;
	objects = {

/* Begin PBXBuildFile section */
		731B8E4C231ECA010011385D /* Util.swift in Sources */ = {isa = PBXBuildFile; fileRef = 731B8E4B231ECA010011385D /* Util.swift */; };
		AFE08CEBA2D3B828E7E7435E /* libPods-ShareSDKForSwift.a in Frameworks */ = {isa = PBXBuildFile; fileRef = 0A9BD230B49B3404C3F22D50 /* libPods-ShareSDKForSwift.a */; };
		D51BF17C231F58BA008155A6 /* MOBShareViewController.swift in Sources */ = {isa = PBXBuildFile; fileRef = D51BF17B231F58BA008155A6 /* MOBShareViewController.swift */; };
		D51BF17E231F58D7008155A6 /* MOBUserInfoViewController.swift in Sources */ = {isa = PBXBuildFile; fileRef = D51BF17D231F58D7008155A6 /* MOBUserInfoViewController.swift */; };
		D51BF180231F58E5008155A6 /* MOBAuthViewController.swift in Sources */ = {isa = PBXBuildFile; fileRef = D51BF17F231F58E5008155A6 /* MOBAuthViewController.swift */; };
		D51BF185231F9FFB008155A6 /* MOBBaseViewProtocol.swift in Sources */ = {isa = PBXBuildFile; fileRef = D51BF184231F9FFB008155A6 /* MOBBaseViewProtocol.swift */; };
		D5882760231E1E8B00260B6B /* Assets.xcassets in Resources */ = {isa = PBXBuildFile; fileRef = D588275A231E1E8B00260B6B /* Assets.xcassets */; };
		D5882761231E1E8B00260B6B /* LaunchScreen.storyboard in Resources */ = {isa = PBXBuildFile; fileRef = D588275C231E1E8B00260B6B /* LaunchScreen.storyboard */; };
		D588276A231E1EA600260B6B /* AppDelegate.swift in Sources */ = {isa = PBXBuildFile; fileRef = D5882768231E1EA600260B6B /* AppDelegate.swift */; };
		D588276B231E1EA600260B6B /* SceneDelegate.swift in Sources */ = {isa = PBXBuildFile; fileRef = D5882769231E1EA600260B6B /* SceneDelegate.swift */; };
		D588276D231E207600260B6B /* Default-568h@2x.png in Resources */ = {isa = PBXBuildFile; fileRef = D588276C231E207600260B6B /* Default-568h@2x.png */; };
		D5882776231E24EC00260B6B /* MOBViewController.swift in Sources */ = {isa = PBXBuildFile; fileRef = D5882774231E24EC00260B6B /* MOBViewController.swift */; };
		D588279F231E6E3700260B6B /* XPChain.swift in Sources */ = {isa = PBXBuildFile; fileRef = D5882779231E6E3700260B6B /* XPChain.swift */; };
		D58827A0231E6E3700260B6B /* CAShaperLayer+XPChain.swift in Sources */ = {isa = PBXBuildFile; fileRef = D588277B231E6E3700260B6B /* CAShaperLayer+XPChain.swift */; };
		D58827A1231E6E3700260B6B /* CAReplicatorLayer+XPChain.swift in Sources */ = {isa = PBXBuildFile; fileRef = D588277C231E6E3700260B6B /* CAReplicatorLayer+XPChain.swift */; };
		D58827A2231E6E3700260B6B /* CATextLayer+XPChain.swift in Sources */ = {isa = PBXBuildFile; fileRef = D588277D231E6E3700260B6B /* CATextLayer+XPChain.swift */; };
		D58827A3231E6E3700260B6B /* CATiledLayer+XPChain.swift in Sources */ = {isa = PBXBuildFile; fileRef = D588277E231E6E3700260B6B /* CATiledLayer+XPChain.swift */; };
		D58827A4231E6E3700260B6B /* CATransFormLayer+XPChain.swift in Sources */ = {isa = PBXBuildFile; fileRef = D588277F231E6E3700260B6B /* CATransFormLayer+XPChain.swift */; };
		D58827A5231E6E3700260B6B /* CALayer+XPChain.swift in Sources */ = {isa = PBXBuildFile; fileRef = D5882780231E6E3700260B6B /* CALayer+XPChain.swift */; };
		D58827A6231E6E3700260B6B /* CAScrollLayer+XPChain.swift in Sources */ = {isa = PBXBuildFile; fileRef = D5882781231E6E3700260B6B /* CAScrollLayer+XPChain.swift */; };
		D58827A7231E6E3700260B6B /* CAGreadientLayer+XPChain.swift in Sources */ = {isa = PBXBuildFile; fileRef = D5882782231E6E3700260B6B /* CAGreadientLayer+XPChain.swift */; };
		D58827A8231E6E3700260B6B /* UITextView+XPChain.swift in Sources */ = {isa = PBXBuildFile; fileRef = D5882784231E6E3700260B6B /* UITextView+XPChain.swift */; };
		D58827A9231E6E3700260B6B /* UITextFiled+XPChain.swift in Sources */ = {isa = PBXBuildFile; fileRef = D5882785231E6E3700260B6B /* UITextFiled+XPChain.swift */; };
		D58827AA231E6E3700260B6B /* UIScrollView+XPChain.swift in Sources */ = {isa = PBXBuildFile; fileRef = D5882786231E6E3700260B6B /* UIScrollView+XPChain.swift */; };
		D58827AB231E6E3700260B6B /* UICollectionView+XPChain.swift in Sources */ = {isa = PBXBuildFile; fileRef = D5882787231E6E3700260B6B /* UICollectionView+XPChain.swift */; };
		D58827AC231E6E3700260B6B /* UITextInputTraits+Swift.swift in Sources */ = {isa = PBXBuildFile; fileRef = D5882788231E6E3700260B6B /* UITextInputTraits+Swift.swift */; };
		D58827AD231E6E3700260B6B /* UIImageView+XPChain.swift in Sources */ = {isa = PBXBuildFile; fileRef = D5882789231E6E3700260B6B /* UIImageView+XPChain.swift */; };
		D58827AE231E6E3700260B6B /* UIView+XPChain.swift in Sources */ = {isa = PBXBuildFile; fileRef = D588278A231E6E3700260B6B /* UIView+XPChain.swift */; };
		D58827AF231E6E3700260B6B /* UIPickerView+XPChain.swift in Sources */ = {isa = PBXBuildFile; fileRef = D588278B231E6E3700260B6B /* UIPickerView+XPChain.swift */; };
		D58827B0231E6E3700260B6B /* UISlider+XPChain.swift in Sources */ = {isa = PBXBuildFile; fileRef = D588278C231E6E3700260B6B /* UISlider+XPChain.swift */; };
		D58827B1231E6E3700260B6B /* WKWebView+XPChain.swift in Sources */ = {isa = PBXBuildFile; fileRef = D588278D231E6E3700260B6B /* WKWebView+XPChain.swift */; };
		D58827B2231E6E3700260B6B /* UIVisualEffectView+XPChain.swift in Sources */ = {isa = PBXBuildFile; fileRef = D588278E231E6E3700260B6B /* UIVisualEffectView+XPChain.swift */; };
		D58827B3231E6E3700260B6B /* UITableView+XPChain.swift in Sources */ = {isa = PBXBuildFile; fileRef = D588278F231E6E3700260B6B /* UITableView+XPChain.swift */; };
		D58827B4231E6E3700260B6B /* UIControl+XPChain.swift in Sources */ = {isa = PBXBuildFile; fileRef = D5882790231E6E3700260B6B /* UIControl+XPChain.swift */; };
		D58827B5231E6E3700260B6B /* UIActivityIndicatorView+XPChain.swift in Sources */ = {isa = PBXBuildFile; fileRef = D5882791231E6E3700260B6B /* UIActivityIndicatorView+XPChain.swift */; };
		D58827B6231E6E3700260B6B /* UISwitch+XPChain.swift in Sources */ = {isa = PBXBuildFile; fileRef = D5882792231E6E3700260B6B /* UISwitch+XPChain.swift */; };
		D58827B7231E6E3700260B6B /* UISegment+XPChain.swift in Sources */ = {isa = PBXBuildFile; fileRef = D5882793231E6E3700260B6B /* UISegment+XPChain.swift */; };
		D58827B8231E6E3700260B6B /* UILabel+XPChain.swift in Sources */ = {isa = PBXBuildFile; fileRef = D5882794231E6E3700260B6B /* UILabel+XPChain.swift */; };
		D58827B9231E6E3700260B6B /* UIDatePickerView+XPChain.swift in Sources */ = {isa = PBXBuildFile; fileRef = D5882795231E6E3700260B6B /* UIDatePickerView+XPChain.swift */; };
		D58827BA231E6E3700260B6B /* UIButton+XPChain.swift in Sources */ = {isa = PBXBuildFile; fileRef = D5882796231E6E3700260B6B /* UIButton+XPChain.swift */; };
		D58827BB231E6E3700260B6B /* UISwipeGesture+XPChain.swift in Sources */ = {isa = PBXBuildFile; fileRef = D5882798231E6E3700260B6B /* UISwipeGesture+XPChain.swift */; };
		D58827BC231E6E3700260B6B /* UIPanGesutre+XPChain.swift in Sources */ = {isa = PBXBuildFile; fileRef = D5882799231E6E3700260B6B /* UIPanGesutre+XPChain.swift */; };
		D58827BD231E6E3700260B6B /* UITapGesture+XPChain.swift in Sources */ = {isa = PBXBuildFile; fileRef = D588279A231E6E3700260B6B /* UITapGesture+XPChain.swift */; };
		D58827BE231E6E3700260B6B /* UIPinchGesture+XPChain.swift in Sources */ = {isa = PBXBuildFile; fileRef = D588279B231E6E3700260B6B /* UIPinchGesture+XPChain.swift */; };
		D58827BF231E6E3700260B6B /* UILongPressGesture+XPChain.swift in Sources */ = {isa = PBXBuildFile; fileRef = D588279C231E6E3700260B6B /* UILongPressGesture+XPChain.swift */; };
		D58827C0231E6E3700260B6B /* UIGesture+XPChain.swift in Sources */ = {isa = PBXBuildFile; fileRef = D588279D231E6E3700260B6B /* UIGesture+XPChain.swift */; };
		D58827C1231E6E3700260B6B /* UIRotationGesture+XPChain.swift in Sources */ = {isa = PBXBuildFile; fileRef = D588279E231E6E3700260B6B /* UIRotationGesture+XPChain.swift */; };
		D58827C3231E740B00260B6B /* XPChain+SnapKit.swift in Sources */ = {isa = PBXBuildFile; fileRef = D58827C2231E740B00260B6B /* XPChain+SnapKit.swift */; };
		D58827C6231E7EBD00260B6B /* Main.storyboard in Resources */ = {isa = PBXBuildFile; fileRef = D58827C4231E7EBD00260B6B /* Main.storyboard */; };
		D5AC995F231FC6E300A49E97 /* MOBPlatformQQModel.swift in Sources */ = {isa = PBXBuildFile; fileRef = D5AC995E231FC6E300A49E97 /* MOBPlatformQQModel.swift */; };
		D5AC99C5231FD84100A49E97 /* sns_icon_8@2x.png in Resources */ = {isa = PBXBuildFile; fileRef = D5AC9961231FD84000A49E97 /* sns_icon_8@2x.png */; };
		D5AC99C6231FD84100A49E97 /* sns_icon_58.png in Resources */ = {isa = PBXBuildFile; fileRef = D5AC9962231FD84000A49E97 /* sns_icon_58.png */; };
		D5AC99C7231FD84100A49E97 /* sns_icon_30@2x.png in Resources */ = {isa = PBXBuildFile; fileRef = D5AC9963231FD84000A49E97 /* sns_icon_30@2x.png */; };
		D5AC99C8231FD84100A49E97 /* sns_icon_53@2x.png in Resources */ = {isa = PBXBuildFile; fileRef = D5AC9964231FD84000A49E97 /* sns_icon_53@2x.png */; };
		D5AC99C9231FD84100A49E97 /* sns_icon_22@2x.png in Resources */ = {isa = PBXBuildFile; fileRef = D5AC9965231FD84000A49E97 /* sns_icon_22@2x.png */; };
		D5AC99CA231FD84100A49E97 /* sns_icon_41@2x.png in Resources */ = {isa = PBXBuildFile; fileRef = D5AC9966231FD84000A49E97 /* sns_icon_41@2x.png */; };
		D5AC99CB231FD84100A49E97 /* sns_icon_14@2x.png in Resources */ = {isa = PBXBuildFile; fileRef = D5AC9967231FD84000A49E97 /* sns_icon_14@2x.png */; };
		D5AC99CC231FD84100A49E97 /* sns_icon_18@2x.png in Resources */ = {isa = PBXBuildFile; fileRef = D5AC9968231FD84000A49E97 /* sns_icon_18@2x.png */; };
		D5AC99CD231FD84100A49E97 /* sns_icon_59.png in Resources */ = {isa = PBXBuildFile; fileRef = D5AC9969231FD84000A49E97 /* sns_icon_59.png */; };
		D5AC99CE231FD84100A49E97 /* sns_icon_43@2x.png in Resources */ = {isa = PBXBuildFile; fileRef = D5AC996A231FD84000A49E97 /* sns_icon_43@2x.png */; };
		D5AC99CF231FD84100A49E97 /* sns_icon_20@2x.png in Resources */ = {isa = PBXBuildFile; fileRef = D5AC996B231FD84000A49E97 /* sns_icon_20@2x.png */; };
		D5AC99D0231FD84100A49E97 /* sns_icon_51@2x.png in Resources */ = {isa = PBXBuildFile; fileRef = D5AC996C231FD84000A49E97 /* sns_icon_51@2x.png */; };
		D5AC99D1231FD84100A49E97 /* sns_icon_16@2x.png in Resources */ = {isa = PBXBuildFile; fileRef = D5AC996D231FD84000A49E97 /* sns_icon_16@2x.png */; };
		D5AC99D2231FD84100A49E97 /* sns_icon_60.png in Resources */ = {isa = PBXBuildFile; fileRef = D5AC996E231FD84000A49E97 /* sns_icon_60.png */; };
		D5AC99D3231FD84100A49E97 /* sns_icon_6@2x.png in Resources */ = {isa = PBXBuildFile; fileRef = D5AC996F231FD84000A49E97 /* sns_icon_6@2x.png */; };
		D5AC99D4231FD84100A49E97 /* sns_icon_38.png in Resources */ = {isa = PBXBuildFile; fileRef = D5AC9970231FD84000A49E97 /* sns_icon_38.png */; };
		D5AC99D5231FD84100A49E97 /* sns_icon_10.png in Resources */ = {isa = PBXBuildFile; fileRef = D5AC9971231FD84000A49E97 /* sns_icon_10.png */; };
		D5AC99D6231FD84100A49E97 /* sns_icon_12@2x.png in Resources */ = {isa = PBXBuildFile; fileRef = D5AC9972231FD84000A49E97 /* sns_icon_12@2x.png */; };
		D5AC99D7231FD84100A49E97 /* sns_icon_8.png in Resources */ = {isa = PBXBuildFile; fileRef = D5AC9973231FD84000A49E97 /* sns_icon_8.png */; };
		D5AC99D8231FD84100A49E97 /* sns_icon_55@2x.png in Resources */ = {isa = PBXBuildFile; fileRef = D5AC9974231FD84000A49E97 /* sns_icon_55@2x.png */; };
		D5AC99D9231FD84100A49E97 /* sns_icon_36@2x.png in Resources */ = {isa = PBXBuildFile; fileRef = D5AC9975231FD84000A49E97 /* sns_icon_36@2x.png */; };
		D5AC99DA231FD84100A49E97 /* sns_icon_47@2x.png in Resources */ = {isa = PBXBuildFile; fileRef = D5AC9976231FD84000A49E97 /* sns_icon_47@2x.png */; };
		D5AC99DB231FD84100A49E97 /* sns_icon_24@2x.png in Resources */ = {isa = PBXBuildFile; fileRef = D5AC9977231FD84000A49E97 /* sns_icon_24@2x.png */; };
		D5AC99DC231FD84100A49E97 /* sns_icon_59@2x.png in Resources */ = {isa = PBXBuildFile; fileRef = D5AC9978231FD84000A49E97 /* sns_icon_59@2x.png */; };
		D5AC99DD231FD84100A49E97 /* sns_icon_11.png in Resources */ = {isa = PBXBuildFile; fileRef = D5AC9979231FD84000A49E97 /* sns_icon_11.png */; };
		D5AC99DE231FD84100A49E97 /* sns_icon_39.png in Resources */ = {isa = PBXBuildFile; fileRef = D5AC997A231FD84000A49E97 /* sns_icon_39.png */; };
		D5AC99DF231FD84100A49E97 /* sns_icon_2@2x.png in Resources */ = {isa = PBXBuildFile; fileRef = D5AC997B231FD84000A49E97 /* sns_icon_2@2x.png */; };
		D5AC99E0231FD84100A49E97 /* sns_icon_996.png in Resources */ = {isa = PBXBuildFile; fileRef = D5AC997C231FD84000A49E97 /* sns_icon_996.png */; };
		D5AC99E1231FD84100A49E97 /* sns_icon_12.png in Resources */ = {isa = PBXBuildFile; fileRef = D5AC997D231FD84000A49E97 /* sns_icon_12.png */; };
		D5AC99E2231FD84100A49E97 /* sns_icon_16.png in Resources */ = {isa = PBXBuildFile; fileRef = D5AC997E231FD84000A49E97 /* sns_icon_16.png */; };
		D5AC99E3231FD84100A49E97 /* sns_icon_17.png in Resources */ = {isa = PBXBuildFile; fileRef = D5AC997F231FD84000A49E97 /* sns_icon_17.png */; };
		D5AC99E4231FD84100A49E97 /* sns_icon_15.png in Resources */ = {isa = PBXBuildFile; fileRef = D5AC9980231FD84000A49E97 /* sns_icon_15.png */; };
		D5AC99E5231FD84100A49E97 /* sns_icon_10@2x.png in Resources */ = {isa = PBXBuildFile; fileRef = D5AC9981231FD84000A49E97 /* sns_icon_10@2x.png */; };
		D5AC99E6231FD84100A49E97 /* sns_icon_26@2x.png in Resources */ = {isa = PBXBuildFile; fileRef = D5AC9982231FD84000A49E97 /* sns_icon_26@2x.png */; };
		D5AC99E7231FD84100A49E97 /* sns_icon_38@2x.png in Resources */ = {isa = PBXBuildFile; fileRef = D5AC9983231FD84000A49E97 /* sns_icon_38@2x.png */; };
		D5AC99E8231FD84100A49E97 /* sns_icon_45@2x.png in Resources */ = {isa = PBXBuildFile; fileRef = D5AC9984231FD84000A49E97 /* sns_icon_45@2x.png */; };
		D5AC99E9231FD84100A49E97 /* sns_icon_34@2x.png in Resources */ = {isa = PBXBuildFile; fileRef = D5AC9985231FD84000A49E97 /* sns_icon_34@2x.png */; };
		D5AC99EA231FD84100A49E97 /* sns_icon_57@2x.png in Resources */ = {isa = PBXBuildFile; fileRef = D5AC9986231FD84000A49E97 /* sns_icon_57@2x.png */; };
		D5AC99EB231FD84100A49E97 /* sns_icon_14.png in Resources */ = {isa = PBXBuildFile; fileRef = D5AC9987231FD84000A49E97 /* sns_icon_14.png */; };
		D5AC99EC231FD84100A49E97 /* sns_icon_19.png in Resources */ = {isa = PBXBuildFile; fileRef = D5AC9988231FD84000A49E97 /* sns_icon_19.png */; };
		D5AC99ED231FD84100A49E97 /* sns_icon_25.png in Resources */ = {isa = PBXBuildFile; fileRef = D5AC9989231FD84000A49E97 /* sns_icon_25.png */; };
		D5AC99EE231FD84100A49E97 /* sns_icon_15@2x.png in Resources */ = {isa = PBXBuildFile; fileRef = D5AC998A231FD84000A49E97 /* sns_icon_15@2x.png */; };
		D5AC99EF231FD84100A49E97 /* sns_icon_19@2x.png in Resources */ = {isa = PBXBuildFile; fileRef = D5AC998B231FD84000A49E97 /* sns_icon_19@2x.png */; };
		D5AC99F0231FD84100A49E97 /* sns_icon_1.png in Resources */ = {isa = PBXBuildFile; fileRef = D5AC998C231FD84000A49E97 /* sns_icon_1.png */; };
		D5AC99F1231FD84100A49E97 /* sns_icon_52@2x.png in Resources */ = {isa = PBXBuildFile; fileRef = D5AC998D231FD84000A49E97 /* sns_icon_52@2x.png */; };
		D5AC99F2231FD84100A49E97 /* sns_icon_40@2x.png in Resources */ = {isa = PBXBuildFile; fileRef = D5AC998E231FD84000A49E97 /* sns_icon_40@2x.png */; };
		D5AC99F3231FD84100A49E97 /* sns_icon_23@2x.png in Resources */ = {isa = PBXBuildFile; fileRef = D5AC998F231FD84000A49E97 /* sns_icon_23@2x.png */; };
		D5AC99F4231FD84100A49E97 /* sns_icon_24.png in Resources */ = {isa = PBXBuildFile; fileRef = D5AC9990231FD84000A49E97 /* sns_icon_24.png */; };
		D5AC99F5231FD84100A49E97 /* sns_icon_30.png in Resources */ = {isa = PBXBuildFile; fileRef = D5AC9991231FD84000A49E97 /* sns_icon_30.png */; };
		D5AC99F6231FD84100A49E97 /* sns_icon_18.png in Resources */ = {isa = PBXBuildFile; fileRef = D5AC9992231FD84000A49E97 /* sns_icon_18.png */; };
		D5AC99F7231FD84100A49E97 /* sns_icon_5@2x.png in Resources */ = {isa = PBXBuildFile; fileRef = D5AC9993231FD84000A49E97 /* sns_icon_5@2x.png */; };
		D5AC99F8231FD84100A49E97 /* sns_icon_26.png in Resources */ = {isa = PBXBuildFile; fileRef = D5AC9994231FD84000A49E97 /* sns_icon_26.png */; };
		D5AC99F9231FD84100A49E97 /* sns_icon_2.png in Resources */ = {isa = PBXBuildFile; fileRef = D5AC9995231FD84000A49E97 /* sns_icon_2.png */; };
		D5AC99FA231FD84100A49E97 /* sns_icon_27.png in Resources */ = {isa = PBXBuildFile; fileRef = D5AC9996231FD84000A49E97 /* sns_icon_27.png */; };
		D5AC99FB231FD84100A49E97 /* sns_icon_23.png in Resources */ = {isa = PBXBuildFile; fileRef = D5AC9997231FD84000A49E97 /* sns_icon_23.png */; };
		D5AC99FC231FD84100A49E97 /* sns_icon_37.png in Resources */ = {isa = PBXBuildFile; fileRef = D5AC9998231FD84000A49E97 /* sns_icon_37.png */; };
		D5AC99FD231FD84100A49E97 /* sns_icon_7.png in Resources */ = {isa = PBXBuildFile; fileRef = D5AC9999231FD84000A49E97 /* sns_icon_7.png */; };
		D5AC99FE231FD84100A49E97 /* sns_icon_7@2x.png in Resources */ = {isa = PBXBuildFile; fileRef = D5AC999A231FD84000A49E97 /* sns_icon_7@2x.png */; };
		D5AC99FF231FD84100A49E97 /* sns_icon_6.png in Resources */ = {isa = PBXBuildFile; fileRef = D5AC999B231FD84000A49E97 /* sns_icon_6.png */; };
		D5AC9A00231FD84100A49E97 /* sns_icon_36.png in Resources */ = {isa = PBXBuildFile; fileRef = D5AC999C231FD84000A49E97 /* sns_icon_36.png */; };
		D5AC9A01231FD84100A49E97 /* sns_icon_22.png in Resources */ = {isa = PBXBuildFile; fileRef = D5AC999D231FD84000A49E97 /* sns_icon_22.png */; };
		D5AC9A02231FD84100A49E97 /* sns_icon_34.png in Resources */ = {isa = PBXBuildFile; fileRef = D5AC999E231FD84000A49E97 /* sns_icon_34.png */; };
		D5AC9A03231FD84100A49E97 /* sns_icon_20.png in Resources */ = {isa = PBXBuildFile; fileRef = D5AC999F231FD84000A49E97 /* sns_icon_20.png */; };
		D5AC9A04231FD84100A49E97 /* sns_icon_17@2x.png in Resources */ = {isa = PBXBuildFile; fileRef = D5AC99A0231FD84000A49E97 /* sns_icon_17@2x.png */; };
		D5AC9A05231FD84100A49E97 /* sns_icon_21@2x.png in Resources */ = {isa = PBXBuildFile; fileRef = D5AC99A1231FD84000A49E97 /* sns_icon_21@2x.png */; };
		D5AC9A06231FD84100A49E97 /* sns_icon_5.png in Resources */ = {isa = PBXBuildFile; fileRef = D5AC99A2231FD84000A49E97 /* sns_icon_5.png */; };
		D5AC9A07231FD84100A49E97 /* sns_icon_42@2x.png in Resources */ = {isa = PBXBuildFile; fileRef = D5AC99A3231FD84000A49E97 /* sns_icon_42@2x.png */; };
		D5AC9A08231FD84100A49E97 /* sns_icon_21.png in Resources */ = {isa = PBXBuildFile; fileRef = D5AC99A4231FD84000A49E97 /* sns_icon_21.png */; };
		D5AC9A09231FD84100A49E97 /* sns_icon_35.png in Resources */ = {isa = PBXBuildFile; fileRef = D5AC99A5231FD84000A49E97 /* sns_icon_35.png */; };
		D5AC9A0A231FD84100A49E97 /* sns_icon_50@2x.png in Resources */ = {isa = PBXBuildFile; fileRef = D5AC99A6231FD84000A49E97 /* sns_icon_50@2x.png */; };
		D5AC9A0B231FD84100A49E97 /* sns_icon_52.png in Resources */ = {isa = PBXBuildFile; fileRef = D5AC99A7231FD84000A49E97 /* sns_icon_52.png */; };
		D5AC9A0C231FD84100A49E97 /* sns_icon_46.png in Resources */ = {isa = PBXBuildFile; fileRef = D5AC99A8231FD84000A49E97 /* sns_icon_46.png */; };
		D5AC9A0D231FD84100A49E97 /* sns_icon_47.png in Resources */ = {isa = PBXBuildFile; fileRef = D5AC99A9231FD84000A49E97 /* sns_icon_47.png */; };
		D5AC9A0E231FD84100A49E97 /* sns_icon_53.png in Resources */ = {isa = PBXBuildFile; fileRef = D5AC99AA231FD84000A49E97 /* sns_icon_53.png */; };
		D5AC9A0F231FD84100A49E97 /* sns_icon_45.png in Resources */ = {isa = PBXBuildFile; fileRef = D5AC99AB231FD84000A49E97 /* sns_icon_45.png */; };
		D5AC9A10231FD84100A49E97 /* sns_icon_51.png in Resources */ = {isa = PBXBuildFile; fileRef = D5AC99AC231FD84000A49E97 /* sns_icon_51.png */; };
		D5AC9A11231FD84100A49E97 /* sns_icon_37@2x.png in Resources */ = {isa = PBXBuildFile; fileRef = D5AC99AD231FD84000A49E97 /* sns_icon_37@2x.png */; };
		D5AC9A12231FD84100A49E97 /* sns_icon_54@2x.png in Resources */ = {isa = PBXBuildFile; fileRef = D5AC99AE231FD84000A49E97 /* sns_icon_54@2x.png */; };
		D5AC9A13231FD84100A49E97 /* sns_icon_58@2x.png in Resources */ = {isa = PBXBuildFile; fileRef = D5AC99AF231FD84000A49E97 /* sns_icon_58@2x.png */; };
		D5AC9A14231FD84100A49E97 /* sns_icon_25@2x.png in Resources */ = {isa = PBXBuildFile; fileRef = D5AC99B0231FD84000A49E97 /* sns_icon_25@2x.png */; };
		D5AC9A15231FD84100A49E97 /* sns_icon_46@2x.png in Resources */ = {isa = PBXBuildFile; fileRef = D5AC99B1231FD84000A49E97 /* sns_icon_46@2x.png */; };
		D5AC9A16231FD84100A49E97 /* sns_icon_50.png in Resources */ = {isa = PBXBuildFile; fileRef = D5AC99B2231FD84000A49E97 /* sns_icon_50.png */; };
		D5AC9A17231FD84100A49E97 /* sns_icon_44.png in Resources */ = {isa = PBXBuildFile; fileRef = D5AC99B3231FD84000A49E97 /* sns_icon_44.png */; };
		D5AC9A18231FD84100A49E97 /* sns_icon_44@2x.png in Resources */ = {isa = PBXBuildFile; fileRef = D5AC99B4231FD84000A49E97 /* sns_icon_44@2x.png */; };
		D5AC9A19231FD84100A49E97 /* sns_icon_40.png in Resources */ = {isa = PBXBuildFile; fileRef = D5AC99B5231FD84000A49E97 /* sns_icon_40.png */; };
		D5AC9A1A231FD84100A49E97 /* sns_icon_54.png in Resources */ = {isa = PBXBuildFile; fileRef = D5AC99B6231FD84000A49E97 /* sns_icon_54.png */; };
		D5AC9A1B231FD84100A49E97 /* sns_icon_39@2x.png in Resources */ = {isa = PBXBuildFile; fileRef = D5AC99B7231FD84000A49E97 /* sns_icon_39@2x.png */; };
		D5AC9A1C231FD84100A49E97 /* sns_icon_27@2x.png in Resources */ = {isa = PBXBuildFile; fileRef = D5AC99B8231FD84000A49E97 /* sns_icon_27@2x.png */; };
		D5AC9A1D231FD84100A49E97 /* sns_icon_56@2x.png in Resources */ = {isa = PBXBuildFile; fileRef = D5AC99B9231FD84000A49E97 /* sns_icon_56@2x.png */; };
		D5AC9A1E231FD84100A49E97 /* sns_icon_35@2x.png in Resources */ = {isa = PBXBuildFile; fileRef = D5AC99BA231FD84000A49E97 /* sns_icon_35@2x.png */; };
		D5AC9A1F231FD84100A49E97 /* sns_icon_60@2x.png in Resources */ = {isa = PBXBuildFile; fileRef = D5AC99BB231FD84000A49E97 /* sns_icon_60@2x.png */; };
		D5AC9A20231FD84100A49E97 /* sns_icon_11@2x.png in Resources */ = {isa = PBXBuildFile; fileRef = D5AC99BC231FD84000A49E97 /* sns_icon_11@2x.png */; };
		D5AC9A21231FD84100A49E97 /* sns_icon_55.png in Resources */ = {isa = PBXBuildFile; fileRef = D5AC99BD231FD84000A49E97 /* sns_icon_55.png */; };
		D5AC9A22231FD84100A49E97 /* sns_icon_41.png in Resources */ = {isa = PBXBuildFile; fileRef = D5AC99BE231FD84000A49E97 /* sns_icon_41.png */; };
		D5AC9A23231FD84100A49E97 /* sns_icon_57.png in Resources */ = {isa = PBXBuildFile; fileRef = D5AC99BF231FD84000A49E97 /* sns_icon_57.png */; };
		D5AC9A24231FD84100A49E97 /* sns_icon_43.png in Resources */ = {isa = PBXBuildFile; fileRef = D5AC99C0231FD84000A49E97 /* sns_icon_43.png */; };
		D5AC9A25231FD84100A49E97 /* sns_icon_996@2x.png in Resources */ = {isa = PBXBuildFile; fileRef = D5AC99C1231FD84000A49E97 /* sns_icon_996@2x.png */; };
		D5AC9A26231FD84100A49E97 /* sns_icon_1@2x.png in Resources */ = {isa = PBXBuildFile; fileRef = D5AC99C2231FD84000A49E97 /* sns_icon_1@2x.png */; };
		D5AC9A27231FD84100A49E97 /* sns_icon_42.png in Resources */ = {isa = PBXBuildFile; fileRef = D5AC99C3231FD84000A49E97 /* sns_icon_42.png */; };
		D5AC9A28231FD84100A49E97 /* sns_icon_56.png in Resources */ = {isa = PBXBuildFile; fileRef = D5AC99C4231FD84000A49E97 /* sns_icon_56.png */; };
		D5AC9A2A231FE1E200A49E97 /* MOBPlatformModel.swift in Sources */ = {isa = PBXBuildFile; fileRef = D5AC9A29231FE1E200A49E97 /* MOBPlatformModel.swift */; };
/* End PBXBuildFile section */

/* Begin PBXFileReference section */
		0A9BD230B49B3404C3F22D50 /* libPods-ShareSDKForSwift.a */ = {isa = PBXFileReference; explicitFileType = archive.ar; includeInIndex = 0; path = "libPods-ShareSDKForSwift.a"; sourceTree = BUILT_PRODUCTS_DIR; };
		3DDEA13B1EFD38E80738CD17 /* Pods-ShareSDKForSwift.debug.xcconfig */ = {isa = PBXFileReference; includeInIndex = 1; lastKnownFileType = text.xcconfig; name = "Pods-ShareSDKForSwift.debug.xcconfig"; path = "Target Support Files/Pods-ShareSDKForSwift/Pods-ShareSDKForSwift.debug.xcconfig"; sourceTree = "<group>"; };
		731B8E4B231ECA010011385D /* Util.swift */ = {isa = PBXFileReference; lastKnownFileType = sourcecode.swift; path = Util.swift; sourceTree = "<group>"; };
		8A383BEBBC1A55D5556279BD /* Pods-ShareSDKForSwift.release.xcconfig */ = {isa = PBXFileReference; includeInIndex = 1; lastKnownFileType = text.xcconfig; name = "Pods-ShareSDKForSwift.release.xcconfig"; path = "Target Support Files/Pods-ShareSDKForSwift/Pods-ShareSDKForSwift.release.xcconfig"; sourceTree = "<group>"; };
		D51BF17B231F58BA008155A6 /* MOBShareViewController.swift */ = {isa = PBXFileReference; lastKnownFileType = sourcecode.swift; path = MOBShareViewController.swift; sourceTree = "<group>"; };
		D51BF17D231F58D7008155A6 /* MOBUserInfoViewController.swift */ = {isa = PBXFileReference; lastKnownFileType = sourcecode.swift; path = MOBUserInfoViewController.swift; sourceTree = "<group>"; };
		D51BF17F231F58E5008155A6 /* MOBAuthViewController.swift */ = {isa = PBXFileReference; lastKnownFileType = sourcecode.swift; path = MOBAuthViewController.swift; sourceTree = "<group>"; };
		D51BF184231F9FFB008155A6 /* MOBBaseViewProtocol.swift */ = {isa = PBXFileReference; lastKnownFileType = sourcecode.swift; path = MOBBaseViewProtocol.swift; sourceTree = "<group>"; };
		D5882739231E1D7200260B6B /* ShareSDKForSwift.app */ = {isa = PBXFileReference; explicitFileType = wrapper.application; includeInIndex = 0; path = ShareSDKForSwift.app; sourceTree = BUILT_PRODUCTS_DIR; };
		D588275A231E1E8B00260B6B /* Assets.xcassets */ = {isa = PBXFileReference; lastKnownFileType = folder.assetcatalog; path = Assets.xcassets; sourceTree = "<group>"; };
		D588275D231E1E8B00260B6B /* Base */ = {isa = PBXFileReference; lastKnownFileType = file.storyboard; name = Base; path = LaunchScreen.storyboard; sourceTree = "<group>"; };
		D5882768231E1EA600260B6B /* AppDelegate.swift */ = {isa = PBXFileReference; fileEncoding = 4; lastKnownFileType = sourcecode.swift; path = AppDelegate.swift; sourceTree = "<group>"; };
		D5882769231E1EA600260B6B /* SceneDelegate.swift */ = {isa = PBXFileReference; fileEncoding = 4; lastKnownFileType = sourcecode.swift; path = SceneDelegate.swift; sourceTree = "<group>"; };
		D588276C231E207600260B6B /* Default-568h@2x.png */ = {isa = PBXFileReference; lastKnownFileType = image.png; path = "Default-568h@2x.png"; sourceTree = "<group>"; };
		D588276E231E20C000260B6B /* Info.plist */ = {isa = PBXFileReference; fileEncoding = 4; lastKnownFileType = text.plist.xml; path = Info.plist; sourceTree = "<group>"; };
		D5882774231E24EC00260B6B /* MOBViewController.swift */ = {isa = PBXFileReference; fileEncoding = 4; lastKnownFileType = sourcecode.swift; path = MOBViewController.swift; sourceTree = "<group>"; };
		D5882779231E6E3700260B6B /* XPChain.swift */ = {isa = PBXFileReference; fileEncoding = 4; lastKnownFileType = sourcecode.swift; path = XPChain.swift; sourceTree = "<group>"; };
		D588277B231E6E3700260B6B /* CAShaperLayer+XPChain.swift */ = {isa = PBXFileReference; fileEncoding = 4; lastKnownFileType = sourcecode.swift; path = "CAShaperLayer+XPChain.swift"; sourceTree = "<group>"; };
		D588277C231E6E3700260B6B /* CAReplicatorLayer+XPChain.swift */ = {isa = PBXFileReference; fileEncoding = 4; lastKnownFileType = sourcecode.swift; path = "CAReplicatorLayer+XPChain.swift"; sourceTree = "<group>"; };
		D588277D231E6E3700260B6B /* CATextLayer+XPChain.swift */ = {isa = PBXFileReference; fileEncoding = 4; lastKnownFileType = sourcecode.swift; path = "CATextLayer+XPChain.swift"; sourceTree = "<group>"; };
		D588277E231E6E3700260B6B /* CATiledLayer+XPChain.swift */ = {isa = PBXFileReference; fileEncoding = 4; lastKnownFileType = sourcecode.swift; path = "CATiledLayer+XPChain.swift"; sourceTree = "<group>"; };
		D588277F231E6E3700260B6B /* CATransFormLayer+XPChain.swift */ = {isa = PBXFileReference; fileEncoding = 4; lastKnownFileType = sourcecode.swift; path = "CATransFormLayer+XPChain.swift"; sourceTree = "<group>"; };
		D5882780231E6E3700260B6B /* CALayer+XPChain.swift */ = {isa = PBXFileReference; fileEncoding = 4; lastKnownFileType = sourcecode.swift; path = "CALayer+XPChain.swift"; sourceTree = "<group>"; };
		D5882781231E6E3700260B6B /* CAScrollLayer+XPChain.swift */ = {isa = PBXFileReference; fileEncoding = 4; lastKnownFileType = sourcecode.swift; path = "CAScrollLayer+XPChain.swift"; sourceTree = "<group>"; };
		D5882782231E6E3700260B6B /* CAGreadientLayer+XPChain.swift */ = {isa = PBXFileReference; fileEncoding = 4; lastKnownFileType = sourcecode.swift; path = "CAGreadientLayer+XPChain.swift"; sourceTree = "<group>"; };
		D5882784231E6E3700260B6B /* UITextView+XPChain.swift */ = {isa = PBXFileReference; fileEncoding = 4; lastKnownFileType = sourcecode.swift; path = "UITextView+XPChain.swift"; sourceTree = "<group>"; };
		D5882785231E6E3700260B6B /* UITextFiled+XPChain.swift */ = {isa = PBXFileReference; fileEncoding = 4; lastKnownFileType = sourcecode.swift; path = "UITextFiled+XPChain.swift"; sourceTree = "<group>"; };
		D5882786231E6E3700260B6B /* UIScrollView+XPChain.swift */ = {isa = PBXFileReference; fileEncoding = 4; lastKnownFileType = sourcecode.swift; path = "UIScrollView+XPChain.swift"; sourceTree = "<group>"; };
		D5882787231E6E3700260B6B /* UICollectionView+XPChain.swift */ = {isa = PBXFileReference; fileEncoding = 4; lastKnownFileType = sourcecode.swift; path = "UICollectionView+XPChain.swift"; sourceTree = "<group>"; };
		D5882788231E6E3700260B6B /* UITextInputTraits+Swift.swift */ = {isa = PBXFileReference; fileEncoding = 4; lastKnownFileType = sourcecode.swift; path = "UITextInputTraits+Swift.swift"; sourceTree = "<group>"; };
		D5882789231E6E3700260B6B /* UIImageView+XPChain.swift */ = {isa = PBXFileReference; fileEncoding = 4; lastKnownFileType = sourcecode.swift; path = "UIImageView+XPChain.swift"; sourceTree = "<group>"; };
		D588278A231E6E3700260B6B /* UIView+XPChain.swift */ = {isa = PBXFileReference; fileEncoding = 4; lastKnownFileType = sourcecode.swift; path = "UIView+XPChain.swift"; sourceTree = "<group>"; };
		D588278B231E6E3700260B6B /* UIPickerView+XPChain.swift */ = {isa = PBXFileReference; fileEncoding = 4; lastKnownFileType = sourcecode.swift; path = "UIPickerView+XPChain.swift"; sourceTree = "<group>"; };
		D588278C231E6E3700260B6B /* UISlider+XPChain.swift */ = {isa = PBXFileReference; fileEncoding = 4; lastKnownFileType = sourcecode.swift; path = "UISlider+XPChain.swift"; sourceTree = "<group>"; };
		D588278D231E6E3700260B6B /* WKWebView+XPChain.swift */ = {isa = PBXFileReference; fileEncoding = 4; lastKnownFileType = sourcecode.swift; path = "WKWebView+XPChain.swift"; sourceTree = "<group>"; };
		D588278E231E6E3700260B6B /* UIVisualEffectView+XPChain.swift */ = {isa = PBXFileReference; fileEncoding = 4; lastKnownFileType = sourcecode.swift; path = "UIVisualEffectView+XPChain.swift"; sourceTree = "<group>"; };
		D588278F231E6E3700260B6B /* UITableView+XPChain.swift */ = {isa = PBXFileReference; fileEncoding = 4; lastKnownFileType = sourcecode.swift; path = "UITableView+XPChain.swift"; sourceTree = "<group>"; };
		D5882790231E6E3700260B6B /* UIControl+XPChain.swift */ = {isa = PBXFileReference; fileEncoding = 4; lastKnownFileType = sourcecode.swift; path = "UIControl+XPChain.swift"; sourceTree = "<group>"; };
		D5882791231E6E3700260B6B /* UIActivityIndicatorView+XPChain.swift */ = {isa = PBXFileReference; fileEncoding = 4; lastKnownFileType = sourcecode.swift; path = "UIActivityIndicatorView+XPChain.swift"; sourceTree = "<group>"; };
		D5882792231E6E3700260B6B /* UISwitch+XPChain.swift */ = {isa = PBXFileReference; fileEncoding = 4; lastKnownFileType = sourcecode.swift; path = "UISwitch+XPChain.swift"; sourceTree = "<group>"; };
		D5882793231E6E3700260B6B /* UISegment+XPChain.swift */ = {isa = PBXFileReference; fileEncoding = 4; lastKnownFileType = sourcecode.swift; path = "UISegment+XPChain.swift"; sourceTree = "<group>"; };
		D5882794231E6E3700260B6B /* UILabel+XPChain.swift */ = {isa = PBXFileReference; fileEncoding = 4; lastKnownFileType = sourcecode.swift; path = "UILabel+XPChain.swift"; sourceTree = "<group>"; };
		D5882795231E6E3700260B6B /* UIDatePickerView+XPChain.swift */ = {isa = PBXFileReference; fileEncoding = 4; lastKnownFileType = sourcecode.swift; path = "UIDatePickerView+XPChain.swift"; sourceTree = "<group>"; };
		D5882796231E6E3700260B6B /* UIButton+XPChain.swift */ = {isa = PBXFileReference; fileEncoding = 4; lastKnownFileType = sourcecode.swift; path = "UIButton+XPChain.swift"; sourceTree = "<group>"; };
		D5882798231E6E3700260B6B /* UISwipeGesture+XPChain.swift */ = {isa = PBXFileReference; fileEncoding = 4; lastKnownFileType = sourcecode.swift; path = "UISwipeGesture+XPChain.swift"; sourceTree = "<group>"; };
		D5882799231E6E3700260B6B /* UIPanGesutre+XPChain.swift */ = {isa = PBXFileReference; fileEncoding = 4; lastKnownFileType = sourcecode.swift; path = "UIPanGesutre+XPChain.swift"; sourceTree = "<group>"; };
		D588279A231E6E3700260B6B /* UITapGesture+XPChain.swift */ = {isa = PBXFileReference; fileEncoding = 4; lastKnownFileType = sourcecode.swift; path = "UITapGesture+XPChain.swift"; sourceTree = "<group>"; };
		D588279B231E6E3700260B6B /* UIPinchGesture+XPChain.swift */ = {isa = PBXFileReference; fileEncoding = 4; lastKnownFileType = sourcecode.swift; path = "UIPinchGesture+XPChain.swift"; sourceTree = "<group>"; };
		D588279C231E6E3700260B6B /* UILongPressGesture+XPChain.swift */ = {isa = PBXFileReference; fileEncoding = 4; lastKnownFileType = sourcecode.swift; path = "UILongPressGesture+XPChain.swift"; sourceTree = "<group>"; };
		D588279D231E6E3700260B6B /* UIGesture+XPChain.swift */ = {isa = PBXFileReference; fileEncoding = 4; lastKnownFileType = sourcecode.swift; path = "UIGesture+XPChain.swift"; sourceTree = "<group>"; };
		D588279E231E6E3700260B6B /* UIRotationGesture+XPChain.swift */ = {isa = PBXFileReference; fileEncoding = 4; lastKnownFileType = sourcecode.swift; path = "UIRotationGesture+XPChain.swift"; sourceTree = "<group>"; };
		D58827C2231E740B00260B6B /* XPChain+SnapKit.swift */ = {isa = PBXFileReference; lastKnownFileType = sourcecode.swift; path = "XPChain+SnapKit.swift"; sourceTree = "<group>"; };
		D58827C5231E7EBD00260B6B /* Base */ = {isa = PBXFileReference; lastKnownFileType = file.storyboard; name = Base; path = Main.storyboard; sourceTree = "<group>"; };
		D5AC995E231FC6E300A49E97 /* MOBPlatformQQModel.swift */ = {isa = PBXFileReference; lastKnownFileType = sourcecode.swift; path = MOBPlatformQQModel.swift; sourceTree = "<group>"; };
		D5AC9961231FD84000A49E97 /* sns_icon_8@2x.png */ = {isa = PBXFileReference; lastKnownFileType = image.png; path = "sns_icon_8@2x.png"; sourceTree = "<group>"; };
		D5AC9962231FD84000A49E97 /* sns_icon_58.png */ = {isa = PBXFileReference; lastKnownFileType = image.png; path = sns_icon_58.png; sourceTree = "<group>"; };
		D5AC9963231FD84000A49E97 /* sns_icon_30@2x.png */ = {isa = PBXFileReference; lastKnownFileType = image.png; path = "sns_icon_30@2x.png"; sourceTree = "<group>"; };
		D5AC9964231FD84000A49E97 /* sns_icon_53@2x.png */ = {isa = PBXFileReference; lastKnownFileType = image.png; path = "sns_icon_53@2x.png"; sourceTree = "<group>"; };
		D5AC9965231FD84000A49E97 /* sns_icon_22@2x.png */ = {isa = PBXFileReference; lastKnownFileType = image.png; path = "sns_icon_22@2x.png"; sourceTree = "<group>"; };
		D5AC9966231FD84000A49E97 /* sns_icon_41@2x.png */ = {isa = PBXFileReference; lastKnownFileType = image.png; path = "sns_icon_41@2x.png"; sourceTree = "<group>"; };
		D5AC9967231FD84000A49E97 /* sns_icon_14@2x.png */ = {isa = PBXFileReference; lastKnownFileType = image.png; path = "sns_icon_14@2x.png"; sourceTree = "<group>"; };
		D5AC9968231FD84000A49E97 /* sns_icon_18@2x.png */ = {isa = PBXFileReference; lastKnownFileType = image.png; path = "sns_icon_18@2x.png"; sourceTree = "<group>"; };
		D5AC9969231FD84000A49E97 /* sns_icon_59.png */ = {isa = PBXFileReference; lastKnownFileType = image.png; path = sns_icon_59.png; sourceTree = "<group>"; };
		D5AC996A231FD84000A49E97 /* sns_icon_43@2x.png */ = {isa = PBXFileReference; lastKnownFileType = image.png; path = "sns_icon_43@2x.png"; sourceTree = "<group>"; };
		D5AC996B231FD84000A49E97 /* sns_icon_20@2x.png */ = {isa = PBXFileReference; lastKnownFileType = image.png; path = "sns_icon_20@2x.png"; sourceTree = "<group>"; };
		D5AC996C231FD84000A49E97 /* sns_icon_51@2x.png */ = {isa = PBXFileReference; lastKnownFileType = image.png; path = "sns_icon_51@2x.png"; sourceTree = "<group>"; };
		D5AC996D231FD84000A49E97 /* sns_icon_16@2x.png */ = {isa = PBXFileReference; lastKnownFileType = image.png; path = "sns_icon_16@2x.png"; sourceTree = "<group>"; };
		D5AC996E231FD84000A49E97 /* sns_icon_60.png */ = {isa = PBXFileReference; lastKnownFileType = image.png; path = sns_icon_60.png; sourceTree = "<group>"; };
		D5AC996F231FD84000A49E97 /* sns_icon_6@2x.png */ = {isa = PBXFileReference; lastKnownFileType = image.png; path = "sns_icon_6@2x.png"; sourceTree = "<group>"; };
		D5AC9970231FD84000A49E97 /* sns_icon_38.png */ = {isa = PBXFileReference; lastKnownFileType = image.png; path = sns_icon_38.png; sourceTree = "<group>"; };
		D5AC9971231FD84000A49E97 /* sns_icon_10.png */ = {isa = PBXFileReference; lastKnownFileType = image.png; path = sns_icon_10.png; sourceTree = "<group>"; };
		D5AC9972231FD84000A49E97 /* sns_icon_12@2x.png */ = {isa = PBXFileReference; lastKnownFileType = image.png; path = "sns_icon_12@2x.png"; sourceTree = "<group>"; };
		D5AC9973231FD84000A49E97 /* sns_icon_8.png */ = {isa = PBXFileReference; lastKnownFileType = image.png; path = sns_icon_8.png; sourceTree = "<group>"; };
		D5AC9974231FD84000A49E97 /* sns_icon_55@2x.png */ = {isa = PBXFileReference; lastKnownFileType = image.png; path = "sns_icon_55@2x.png"; sourceTree = "<group>"; };
		D5AC9975231FD84000A49E97 /* sns_icon_36@2x.png */ = {isa = PBXFileReference; lastKnownFileType = image.png; path = "sns_icon_36@2x.png"; sourceTree = "<group>"; };
		D5AC9976231FD84000A49E97 /* sns_icon_47@2x.png */ = {isa = PBXFileReference; lastKnownFileType = image.png; path = "sns_icon_47@2x.png"; sourceTree = "<group>"; };
		D5AC9977231FD84000A49E97 /* sns_icon_24@2x.png */ = {isa = PBXFileReference; lastKnownFileType = image.png; path = "sns_icon_24@2x.png"; sourceTree = "<group>"; };
		D5AC9978231FD84000A49E97 /* sns_icon_59@2x.png */ = {isa = PBXFileReference; lastKnownFileType = image.png; path = "sns_icon_59@2x.png"; sourceTree = "<group>"; };
		D5AC9979231FD84000A49E97 /* sns_icon_11.png */ = {isa = PBXFileReference; lastKnownFileType = image.png; path = sns_icon_11.png; sourceTree = "<group>"; };
		D5AC997A231FD84000A49E97 /* sns_icon_39.png */ = {isa = PBXFileReference; lastKnownFileType = image.png; path = sns_icon_39.png; sourceTree = "<group>"; };
		D5AC997B231FD84000A49E97 /* sns_icon_2@2x.png */ = {isa = PBXFileReference; lastKnownFileType = image.png; path = "sns_icon_2@2x.png"; sourceTree = "<group>"; };
		D5AC997C231FD84000A49E97 /* sns_icon_996.png */ = {isa = PBXFileReference; lastKnownFileType = image.png; path = sns_icon_996.png; sourceTree = "<group>"; };
		D5AC997D231FD84000A49E97 /* sns_icon_12.png */ = {isa = PBXFileReference; lastKnownFileType = image.png; path = sns_icon_12.png; sourceTree = "<group>"; };
		D5AC997E231FD84000A49E97 /* sns_icon_16.png */ = {isa = PBXFileReference; lastKnownFileType = image.png; path = sns_icon_16.png; sourceTree = "<group>"; };
		D5AC997F231FD84000A49E97 /* sns_icon_17.png */ = {isa = PBXFileReference; lastKnownFileType = image.png; path = sns_icon_17.png; sourceTree = "<group>"; };
		D5AC9980231FD84000A49E97 /* sns_icon_15.png */ = {isa = PBXFileReference; lastKnownFileType = image.png; path = sns_icon_15.png; sourceTree = "<group>"; };
		D5AC9981231FD84000A49E97 /* sns_icon_10@2x.png */ = {isa = PBXFileReference; lastKnownFileType = image.png; path = "sns_icon_10@2x.png"; sourceTree = "<group>"; };
		D5AC9982231FD84000A49E97 /* sns_icon_26@2x.png */ = {isa = PBXFileReference; lastKnownFileType = image.png; path = "sns_icon_26@2x.png"; sourceTree = "<group>"; };
		D5AC9983231FD84000A49E97 /* sns_icon_38@2x.png */ = {isa = PBXFileReference; lastKnownFileType = image.png; path = "sns_icon_38@2x.png"; sourceTree = "<group>"; };
		D5AC9984231FD84000A49E97 /* sns_icon_45@2x.png */ = {isa = PBXFileReference; lastKnownFileType = image.png; path = "sns_icon_45@2x.png"; sourceTree = "<group>"; };
		D5AC9985231FD84000A49E97 /* sns_icon_34@2x.png */ = {isa = PBXFileReference; lastKnownFileType = image.png; path = "sns_icon_34@2x.png"; sourceTree = "<group>"; };
		D5AC9986231FD84000A49E97 /* sns_icon_57@2x.png */ = {isa = PBXFileReference; lastKnownFileType = image.png; path = "sns_icon_57@2x.png"; sourceTree = "<group>"; };
		D5AC9987231FD84000A49E97 /* sns_icon_14.png */ = {isa = PBXFileReference; lastKnownFileType = image.png; path = sns_icon_14.png; sourceTree = "<group>"; };
		D5AC9988231FD84000A49E97 /* sns_icon_19.png */ = {isa = PBXFileReference; lastKnownFileType = image.png; path = sns_icon_19.png; sourceTree = "<group>"; };
		D5AC9989231FD84000A49E97 /* sns_icon_25.png */ = {isa = PBXFileReference; lastKnownFileType = image.png; path = sns_icon_25.png; sourceTree = "<group>"; };
		D5AC998A231FD84000A49E97 /* sns_icon_15@2x.png */ = {isa = PBXFileReference; lastKnownFileType = image.png; path = "sns_icon_15@2x.png"; sourceTree = "<group>"; };
		D5AC998B231FD84000A49E97 /* sns_icon_19@2x.png */ = {isa = PBXFileReference; lastKnownFileType = image.png; path = "sns_icon_19@2x.png"; sourceTree = "<group>"; };
		D5AC998C231FD84000A49E97 /* sns_icon_1.png */ = {isa = PBXFileReference; lastKnownFileType = image.png; path = sns_icon_1.png; sourceTree = "<group>"; };
		D5AC998D231FD84000A49E97 /* sns_icon_52@2x.png */ = {isa = PBXFileReference; lastKnownFileType = image.png; path = "sns_icon_52@2x.png"; sourceTree = "<group>"; };
		D5AC998E231FD84000A49E97 /* sns_icon_40@2x.png */ = {isa = PBXFileReference; lastKnownFileType = image.png; path = "sns_icon_40@2x.png"; sourceTree = "<group>"; };
		D5AC998F231FD84000A49E97 /* sns_icon_23@2x.png */ = {isa = PBXFileReference; lastKnownFileType = image.png; path = "sns_icon_23@2x.png"; sourceTree = "<group>"; };
		D5AC9990231FD84000A49E97 /* sns_icon_24.png */ = {isa = PBXFileReference; lastKnownFileType = image.png; path = sns_icon_24.png; sourceTree = "<group>"; };
		D5AC9991231FD84000A49E97 /* sns_icon_30.png */ = {isa = PBXFileReference; lastKnownFileType = image.png; path = sns_icon_30.png; sourceTree = "<group>"; };
		D5AC9992231FD84000A49E97 /* sns_icon_18.png */ = {isa = PBXFileReference; lastKnownFileType = image.png; path = sns_icon_18.png; sourceTree = "<group>"; };
		D5AC9993231FD84000A49E97 /* sns_icon_5@2x.png */ = {isa = PBXFileReference; lastKnownFileType = image.png; path = "sns_icon_5@2x.png"; sourceTree = "<group>"; };
		D5AC9994231FD84000A49E97 /* sns_icon_26.png */ = {isa = PBXFileReference; lastKnownFileType = image.png; path = sns_icon_26.png; sourceTree = "<group>"; };
		D5AC9995231FD84000A49E97 /* sns_icon_2.png */ = {isa = PBXFileReference; lastKnownFileType = image.png; path = sns_icon_2.png; sourceTree = "<group>"; };
		D5AC9996231FD84000A49E97 /* sns_icon_27.png */ = {isa = PBXFileReference; lastKnownFileType = image.png; path = sns_icon_27.png; sourceTree = "<group>"; };
		D5AC9997231FD84000A49E97 /* sns_icon_23.png */ = {isa = PBXFileReference; lastKnownFileType = image.png; path = sns_icon_23.png; sourceTree = "<group>"; };
		D5AC9998231FD84000A49E97 /* sns_icon_37.png */ = {isa = PBXFileReference; lastKnownFileType = image.png; path = sns_icon_37.png; sourceTree = "<group>"; };
		D5AC9999231FD84000A49E97 /* sns_icon_7.png */ = {isa = PBXFileReference; lastKnownFileType = image.png; path = sns_icon_7.png; sourceTree = "<group>"; };
		D5AC999A231FD84000A49E97 /* sns_icon_7@2x.png */ = {isa = PBXFileReference; lastKnownFileType = image.png; path = "sns_icon_7@2x.png"; sourceTree = "<group>"; };
		D5AC999B231FD84000A49E97 /* sns_icon_6.png */ = {isa = PBXFileReference; lastKnownFileType = image.png; path = sns_icon_6.png; sourceTree = "<group>"; };
		D5AC999C231FD84000A49E97 /* sns_icon_36.png */ = {isa = PBXFileReference; lastKnownFileType = image.png; path = sns_icon_36.png; sourceTree = "<group>"; };
		D5AC999D231FD84000A49E97 /* sns_icon_22.png */ = {isa = PBXFileReference; lastKnownFileType = image.png; path = sns_icon_22.png; sourceTree = "<group>"; };
		D5AC999E231FD84000A49E97 /* sns_icon_34.png */ = {isa = PBXFileReference; lastKnownFileType = image.png; path = sns_icon_34.png; sourceTree = "<group>"; };
		D5AC999F231FD84000A49E97 /* sns_icon_20.png */ = {isa = PBXFileReference; lastKnownFileType = image.png; path = sns_icon_20.png; sourceTree = "<group>"; };
		D5AC99A0231FD84000A49E97 /* sns_icon_17@2x.png */ = {isa = PBXFileReference; lastKnownFileType = image.png; path = "sns_icon_17@2x.png"; sourceTree = "<group>"; };
		D5AC99A1231FD84000A49E97 /* sns_icon_21@2x.png */ = {isa = PBXFileReference; lastKnownFileType = image.png; path = "sns_icon_21@2x.png"; sourceTree = "<group>"; };
		D5AC99A2231FD84000A49E97 /* sns_icon_5.png */ = {isa = PBXFileReference; lastKnownFileType = image.png; path = sns_icon_5.png; sourceTree = "<group>"; };
		D5AC99A3231FD84000A49E97 /* sns_icon_42@2x.png */ = {isa = PBXFileReference; lastKnownFileType = image.png; path = "sns_icon_42@2x.png"; sourceTree = "<group>"; };
		D5AC99A4231FD84000A49E97 /* sns_icon_21.png */ = {isa = PBXFileReference; lastKnownFileType = image.png; path = sns_icon_21.png; sourceTree = "<group>"; };
		D5AC99A5231FD84000A49E97 /* sns_icon_35.png */ = {isa = PBXFileReference; lastKnownFileType = image.png; path = sns_icon_35.png; sourceTree = "<group>"; };
		D5AC99A6231FD84000A49E97 /* sns_icon_50@2x.png */ = {isa = PBXFileReference; lastKnownFileType = image.png; path = "sns_icon_50@2x.png"; sourceTree = "<group>"; };
		D5AC99A7231FD84000A49E97 /* sns_icon_52.png */ = {isa = PBXFileReference; lastKnownFileType = image.png; path = sns_icon_52.png; sourceTree = "<group>"; };
		D5AC99A8231FD84000A49E97 /* sns_icon_46.png */ = {isa = PBXFileReference; lastKnownFileType = image.png; path = sns_icon_46.png; sourceTree = "<group>"; };
		D5AC99A9231FD84000A49E97 /* sns_icon_47.png */ = {isa = PBXFileReference; lastKnownFileType = image.png; path = sns_icon_47.png; sourceTree = "<group>"; };
		D5AC99AA231FD84000A49E97 /* sns_icon_53.png */ = {isa = PBXFileReference; lastKnownFileType = image.png; path = sns_icon_53.png; sourceTree = "<group>"; };
		D5AC99AB231FD84000A49E97 /* sns_icon_45.png */ = {isa = PBXFileReference; lastKnownFileType = image.png; path = sns_icon_45.png; sourceTree = "<group>"; };
		D5AC99AC231FD84000A49E97 /* sns_icon_51.png */ = {isa = PBXFileReference; lastKnownFileType = image.png; path = sns_icon_51.png; sourceTree = "<group>"; };
		D5AC99AD231FD84000A49E97 /* sns_icon_37@2x.png */ = {isa = PBXFileReference; lastKnownFileType = image.png; path = "sns_icon_37@2x.png"; sourceTree = "<group>"; };
		D5AC99AE231FD84000A49E97 /* sns_icon_54@2x.png */ = {isa = PBXFileReference; lastKnownFileType = image.png; path = "sns_icon_54@2x.png"; sourceTree = "<group>"; };
		D5AC99AF231FD84000A49E97 /* sns_icon_58@2x.png */ = {isa = PBXFileReference; lastKnownFileType = image.png; path = "sns_icon_58@2x.png"; sourceTree = "<group>"; };
		D5AC99B0231FD84000A49E97 /* sns_icon_25@2x.png */ = {isa = PBXFileReference; lastKnownFileType = image.png; path = "sns_icon_25@2x.png"; sourceTree = "<group>"; };
		D5AC99B1231FD84000A49E97 /* sns_icon_46@2x.png */ = {isa = PBXFileReference; lastKnownFileType = image.png; path = "sns_icon_46@2x.png"; sourceTree = "<group>"; };
		D5AC99B2231FD84000A49E97 /* sns_icon_50.png */ = {isa = PBXFileReference; lastKnownFileType = image.png; path = sns_icon_50.png; sourceTree = "<group>"; };
		D5AC99B3231FD84000A49E97 /* sns_icon_44.png */ = {isa = PBXFileReference; lastKnownFileType = image.png; path = sns_icon_44.png; sourceTree = "<group>"; };
		D5AC99B4231FD84000A49E97 /* sns_icon_44@2x.png */ = {isa = PBXFileReference; lastKnownFileType = image.png; path = "sns_icon_44@2x.png"; sourceTree = "<group>"; };
		D5AC99B5231FD84000A49E97 /* sns_icon_40.png */ = {isa = PBXFileReference; lastKnownFileType = image.png; path = sns_icon_40.png; sourceTree = "<group>"; };
		D5AC99B6231FD84000A49E97 /* sns_icon_54.png */ = {isa = PBXFileReference; lastKnownFileType = image.png; path = sns_icon_54.png; sourceTree = "<group>"; };
		D5AC99B7231FD84000A49E97 /* sns_icon_39@2x.png */ = {isa = PBXFileReference; lastKnownFileType = image.png; path = "sns_icon_39@2x.png"; sourceTree = "<group>"; };
		D5AC99B8231FD84000A49E97 /* sns_icon_27@2x.png */ = {isa = PBXFileReference; lastKnownFileType = image.png; path = "sns_icon_27@2x.png"; sourceTree = "<group>"; };
		D5AC99B9231FD84000A49E97 /* sns_icon_56@2x.png */ = {isa = PBXFileReference; lastKnownFileType = image.png; path = "sns_icon_56@2x.png"; sourceTree = "<group>"; };
		D5AC99BA231FD84000A49E97 /* sns_icon_35@2x.png */ = {isa = PBXFileReference; lastKnownFileType = image.png; path = "sns_icon_35@2x.png"; sourceTree = "<group>"; };
		D5AC99BB231FD84000A49E97 /* sns_icon_60@2x.png */ = {isa = PBXFileReference; lastKnownFileType = image.png; path = "sns_icon_60@2x.png"; sourceTree = "<group>"; };
		D5AC99BC231FD84000A49E97 /* sns_icon_11@2x.png */ = {isa = PBXFileReference; lastKnownFileType = image.png; path = "sns_icon_11@2x.png"; sourceTree = "<group>"; };
		D5AC99BD231FD84000A49E97 /* sns_icon_55.png */ = {isa = PBXFileReference; lastKnownFileType = image.png; path = sns_icon_55.png; sourceTree = "<group>"; };
		D5AC99BE231FD84000A49E97 /* sns_icon_41.png */ = {isa = PBXFileReference; lastKnownFileType = image.png; path = sns_icon_41.png; sourceTree = "<group>"; };
		D5AC99BF231FD84000A49E97 /* sns_icon_57.png */ = {isa = PBXFileReference; lastKnownFileType = image.png; path = sns_icon_57.png; sourceTree = "<group>"; };
		D5AC99C0231FD84000A49E97 /* sns_icon_43.png */ = {isa = PBXFileReference; lastKnownFileType = image.png; path = sns_icon_43.png; sourceTree = "<group>"; };
		D5AC99C1231FD84000A49E97 /* sns_icon_996@2x.png */ = {isa = PBXFileReference; lastKnownFileType = image.png; path = "sns_icon_996@2x.png"; sourceTree = "<group>"; };
		D5AC99C2231FD84000A49E97 /* sns_icon_1@2x.png */ = {isa = PBXFileReference; lastKnownFileType = image.png; path = "sns_icon_1@2x.png"; sourceTree = "<group>"; };
		D5AC99C3231FD84000A49E97 /* sns_icon_42.png */ = {isa = PBXFileReference; lastKnownFileType = image.png; path = sns_icon_42.png; sourceTree = "<group>"; };
		D5AC99C4231FD84000A49E97 /* sns_icon_56.png */ = {isa = PBXFileReference; lastKnownFileType = image.png; path = sns_icon_56.png; sourceTree = "<group>"; };
		D5AC9A29231FE1E200A49E97 /* MOBPlatformModel.swift */ = {isa = PBXFileReference; lastKnownFileType = sourcecode.swift; path = MOBPlatformModel.swift; sourceTree = "<group>"; };
/* End PBXFileReference section */

/* Begin PBXFrameworksBuildPhase section */
		D5882736231E1D7200260B6B /* Frameworks */ = {
			isa = PBXFrameworksBuildPhase;
			buildActionMask = 2147483647;
			files = (
				AFE08CEBA2D3B828E7E7435E /* libPods-ShareSDKForSwift.a in Frameworks */,
			);
			runOnlyForDeploymentPostprocessing = 0;
		};
/* End PBXFrameworksBuildPhase section */

/* Begin PBXGroup section */
		02A2DB8E2A6334DD805C31A4 /* Pods */ = {
			isa = PBXGroup;
			children = (
				3DDEA13B1EFD38E80738CD17 /* Pods-ShareSDKForSwift.debug.xcconfig */,
				8A383BEBBC1A55D5556279BD /* Pods-ShareSDKForSwift.release.xcconfig */,
			);
			path = Pods;
			sourceTree = "<group>";
		};
		731B8E4A231EC96D0011385D /* Util */ = {
			isa = PBXGroup;
			children = (
				731B8E4B231ECA010011385D /* Util.swift */,
			);
			path = Util;
			sourceTree = "<group>";
		};
		D5882730231E1D7200260B6B = {
			isa = PBXGroup;
			children = (
				D588276C231E207600260B6B /* Default-568h@2x.png */,
				D588273B231E1D7200260B6B /* ShareSDKForSwift */,
				D588273A231E1D7200260B6B /* Products */,
				02A2DB8E2A6334DD805C31A4 /* Pods */,
				ED4CF0EB0DCC1A926B264E55 /* Frameworks */,
			);
			sourceTree = "<group>";
		};
		D588273A231E1D7200260B6B /* Products */ = {
			isa = PBXGroup;
			children = (
				D5882739231E1D7200260B6B /* ShareSDKForSwift.app */,
			);
			name = Products;
			sourceTree = "<group>";
		};
		D588273B231E1D7200260B6B /* ShareSDKForSwift */ = {
			isa = PBXGroup;
			children = (
				D5882766231E1EA600260B6B /* SDK */,
				D5882767231E1EA600260B6B /* Delegate */,
				D5882770231E24EC00260B6B /* Main */,
				D5882777231E24F400260B6B /* Tools */,
				D5882750231E1E3E00260B6B /* Supporting Files */,
			);
			path = ShareSDKForSwift;
			sourceTree = "<group>";
		};
		D5882750231E1E3E00260B6B /* Supporting Files */ = {
			isa = PBXGroup;
			children = (
				D588276E231E20C000260B6B /* Info.plist */,
				D588275A231E1E8B00260B6B /* Assets.xcassets */,
				D588275B231E1E8B00260B6B /* Base.lproj */,
				D5882751231E1E3E00260B6B /* Resources */,
			);
			path = "Supporting Files";
			sourceTree = "<group>";
		};
		D5882751231E1E3E00260B6B /* Resources */ = {
			isa = PBXGroup;
			children = (
				D5AC9960231FD84000A49E97 /* Icon */,
			);
			path = Resources;
			sourceTree = "<group>";
		};
		D588275B231E1E8B00260B6B /* Base.lproj */ = {
			isa = PBXGroup;
			children = (
				D588275C231E1E8B00260B6B /* LaunchScreen.storyboard */,
				D58827C4231E7EBD00260B6B /* Main.storyboard */,
			);
			path = Base.lproj;
			sourceTree = "<group>";
		};
		D5882766231E1EA600260B6B /* SDK */ = {
			isa = PBXGroup;
			children = (
			);
			path = SDK;
			sourceTree = "<group>";
		};
		D5882767231E1EA600260B6B /* Delegate */ = {
			isa = PBXGroup;
			children = (
				D5882768231E1EA600260B6B /* AppDelegate.swift */,
				D5882769231E1EA600260B6B /* SceneDelegate.swift */,
			);
			path = Delegate;
			sourceTree = "<group>";
		};
		D5882770231E24EC00260B6B /* Main */ = {
			isa = PBXGroup;
			children = (
				D5882773231E24EC00260B6B /* Base */,
				D5AC995B231FC19F00A49E97 /* Platform */,
				D5882771231E24EC00260B6B /* Auth */,
				D5882772231E24EC00260B6B /* UserInfo */,
				D5882775231E24EC00260B6B /* Share */,
			);
			path = Main;
			sourceTree = "<group>";
		};
		D5882771231E24EC00260B6B /* Auth */ = {
			isa = PBXGroup;
			children = (
				D51BF17F231F58E5008155A6 /* MOBAuthViewController.swift */,
			);
			path = Auth;
			sourceTree = "<group>";
		};
		D5882772231E24EC00260B6B /* UserInfo */ = {
			isa = PBXGroup;
			children = (
				D51BF17D231F58D7008155A6 /* MOBUserInfoViewController.swift */,
			);
			path = UserInfo;
			sourceTree = "<group>";
		};
		D5882773231E24EC00260B6B /* Base */ = {
			isa = PBXGroup;
			children = (
				D5882774231E24EC00260B6B /* MOBViewController.swift */,
				D51BF184231F9FFB008155A6 /* MOBBaseViewProtocol.swift */,
			);
			path = Base;
			sourceTree = "<group>";
		};
		D5882775231E24EC00260B6B /* Share */ = {
			isa = PBXGroup;
			children = (
				D51BF17B231F58BA008155A6 /* MOBShareViewController.swift */,
			);
			path = Share;
			sourceTree = "<group>";
		};
		D5882777231E24F400260B6B /* Tools */ = {
			isa = PBXGroup;
			children = (
				731B8E4A231EC96D0011385D /* Util */,
				D5882778231E6E3700260B6B /* Chain */,
			);
			path = Tools;
			sourceTree = "<group>";
		};
		D5882778231E6E3700260B6B /* Chain */ = {
			isa = PBXGroup;
			children = (
				D5882779231E6E3700260B6B /* XPChain.swift */,
				D588277A231E6E3700260B6B /* Layer */,
				D5882783231E6E3700260B6B /* View */,
				D5882797231E6E3700260B6B /* Event */,
			);
			path = Chain;
			sourceTree = "<group>";
		};
		D588277A231E6E3700260B6B /* Layer */ = {
			isa = PBXGroup;
			children = (
				D588277B231E6E3700260B6B /* CAShaperLayer+XPChain.swift */,
				D588277C231E6E3700260B6B /* CAReplicatorLayer+XPChain.swift */,
				D588277D231E6E3700260B6B /* CATextLayer+XPChain.swift */,
				D588277E231E6E3700260B6B /* CATiledLayer+XPChain.swift */,
				D588277F231E6E3700260B6B /* CATransFormLayer+XPChain.swift */,
				D5882780231E6E3700260B6B /* CALayer+XPChain.swift */,
				D5882781231E6E3700260B6B /* CAScrollLayer+XPChain.swift */,
				D5882782231E6E3700260B6B /* CAGreadientLayer+XPChain.swift */,
			);
			path = Layer;
			sourceTree = "<group>";
		};
		D5882783231E6E3700260B6B /* View */ = {
			isa = PBXGroup;
			children = (
				D5882784231E6E3700260B6B /* UITextView+XPChain.swift */,
				D5882785231E6E3700260B6B /* UITextFiled+XPChain.swift */,
				D5882786231E6E3700260B6B /* UIScrollView+XPChain.swift */,
				D5882787231E6E3700260B6B /* UICollectionView+XPChain.swift */,
				D5882788231E6E3700260B6B /* UITextInputTraits+Swift.swift */,
				D5882789231E6E3700260B6B /* UIImageView+XPChain.swift */,
				D588278A231E6E3700260B6B /* UIView+XPChain.swift */,
				D58827C2231E740B00260B6B /* XPChain+SnapKit.swift */,
				D588278B231E6E3700260B6B /* UIPickerView+XPChain.swift */,
				D588278C231E6E3700260B6B /* UISlider+XPChain.swift */,
				D588278D231E6E3700260B6B /* WKWebView+XPChain.swift */,
				D588278E231E6E3700260B6B /* UIVisualEffectView+XPChain.swift */,
				D588278F231E6E3700260B6B /* UITableView+XPChain.swift */,
				D5882790231E6E3700260B6B /* UIControl+XPChain.swift */,
				D5882791231E6E3700260B6B /* UIActivityIndicatorView+XPChain.swift */,
				D5882792231E6E3700260B6B /* UISwitch+XPChain.swift */,
				D5882793231E6E3700260B6B /* UISegment+XPChain.swift */,
				D5882794231E6E3700260B6B /* UILabel+XPChain.swift */,
				D5882795231E6E3700260B6B /* UIDatePickerView+XPChain.swift */,
				D5882796231E6E3700260B6B /* UIButton+XPChain.swift */,
			);
			path = View;
			sourceTree = "<group>";
		};
		D5882797231E6E3700260B6B /* Event */ = {
			isa = PBXGroup;
			children = (
				D5882798231E6E3700260B6B /* UISwipeGesture+XPChain.swift */,
				D5882799231E6E3700260B6B /* UIPanGesutre+XPChain.swift */,
				D588279A231E6E3700260B6B /* UITapGesture+XPChain.swift */,
				D588279B231E6E3700260B6B /* UIPinchGesture+XPChain.swift */,
				D588279C231E6E3700260B6B /* UILongPressGesture+XPChain.swift */,
				D588279D231E6E3700260B6B /* UIGesture+XPChain.swift */,
				D588279E231E6E3700260B6B /* UIRotationGesture+XPChain.swift */,
			);
			path = Event;
			sourceTree = "<group>";
		};
		D5AC995B231FC19F00A49E97 /* Platform */ = {
			isa = PBXGroup;
			children = (
				D5AC9A29231FE1E200A49E97 /* MOBPlatformModel.swift */,
				D5AC995E231FC6E300A49E97 /* MOBPlatformQQModel.swift */,
			);
			path = Platform;
			sourceTree = "<group>";
		};
		D5AC9960231FD84000A49E97 /* Icon */ = {
			isa = PBXGroup;
			children = (
				D5AC9961231FD84000A49E97 /* sns_icon_8@2x.png */,
				D5AC9962231FD84000A49E97 /* sns_icon_58.png */,
				D5AC9963231FD84000A49E97 /* sns_icon_30@2x.png */,
				D5AC9964231FD84000A49E97 /* sns_icon_53@2x.png */,
				D5AC9965231FD84000A49E97 /* sns_icon_22@2x.png */,
				D5AC9966231FD84000A49E97 /* sns_icon_41@2x.png */,
				D5AC9967231FD84000A49E97 /* sns_icon_14@2x.png */,
				D5AC9968231FD84000A49E97 /* sns_icon_18@2x.png */,
				D5AC9969231FD84000A49E97 /* sns_icon_59.png */,
				D5AC996A231FD84000A49E97 /* sns_icon_43@2x.png */,
				D5AC996B231FD84000A49E97 /* sns_icon_20@2x.png */,
				D5AC996C231FD84000A49E97 /* sns_icon_51@2x.png */,
				D5AC996D231FD84000A49E97 /* sns_icon_16@2x.png */,
				D5AC996E231FD84000A49E97 /* sns_icon_60.png */,
				D5AC996F231FD84000A49E97 /* sns_icon_6@2x.png */,
				D5AC9970231FD84000A49E97 /* sns_icon_38.png */,
				D5AC9971231FD84000A49E97 /* sns_icon_10.png */,
				D5AC9972231FD84000A49E97 /* sns_icon_12@2x.png */,
				D5AC9973231FD84000A49E97 /* sns_icon_8.png */,
				D5AC9974231FD84000A49E97 /* sns_icon_55@2x.png */,
				D5AC9975231FD84000A49E97 /* sns_icon_36@2x.png */,
				D5AC9976231FD84000A49E97 /* sns_icon_47@2x.png */,
				D5AC9977231FD84000A49E97 /* sns_icon_24@2x.png */,
				D5AC9978231FD84000A49E97 /* sns_icon_59@2x.png */,
				D5AC9979231FD84000A49E97 /* sns_icon_11.png */,
				D5AC997A231FD84000A49E97 /* sns_icon_39.png */,
				D5AC997B231FD84000A49E97 /* sns_icon_2@2x.png */,
				D5AC997C231FD84000A49E97 /* sns_icon_996.png */,
				D5AC997D231FD84000A49E97 /* sns_icon_12.png */,
				D5AC997E231FD84000A49E97 /* sns_icon_16.png */,
				D5AC997F231FD84000A49E97 /* sns_icon_17.png */,
				D5AC9980231FD84000A49E97 /* sns_icon_15.png */,
				D5AC9981231FD84000A49E97 /* sns_icon_10@2x.png */,
				D5AC9982231FD84000A49E97 /* sns_icon_26@2x.png */,
				D5AC9983231FD84000A49E97 /* sns_icon_38@2x.png */,
				D5AC9984231FD84000A49E97 /* sns_icon_45@2x.png */,
				D5AC9985231FD84000A49E97 /* sns_icon_34@2x.png */,
				D5AC9986231FD84000A49E97 /* sns_icon_57@2x.png */,
				D5AC9987231FD84000A49E97 /* sns_icon_14.png */,
				D5AC9988231FD84000A49E97 /* sns_icon_19.png */,
				D5AC9989231FD84000A49E97 /* sns_icon_25.png */,
				D5AC998A231FD84000A49E97 /* sns_icon_15@2x.png */,
				D5AC998B231FD84000A49E97 /* sns_icon_19@2x.png */,
				D5AC998C231FD84000A49E97 /* sns_icon_1.png */,
				D5AC998D231FD84000A49E97 /* sns_icon_52@2x.png */,
				D5AC998E231FD84000A49E97 /* sns_icon_40@2x.png */,
				D5AC998F231FD84000A49E97 /* sns_icon_23@2x.png */,
				D5AC9990231FD84000A49E97 /* sns_icon_24.png */,
				D5AC9991231FD84000A49E97 /* sns_icon_30.png */,
				D5AC9992231FD84000A49E97 /* sns_icon_18.png */,
				D5AC9993231FD84000A49E97 /* sns_icon_5@2x.png */,
				D5AC9994231FD84000A49E97 /* sns_icon_26.png */,
				D5AC9995231FD84000A49E97 /* sns_icon_2.png */,
				D5AC9996231FD84000A49E97 /* sns_icon_27.png */,
				D5AC9997231FD84000A49E97 /* sns_icon_23.png */,
				D5AC9998231FD84000A49E97 /* sns_icon_37.png */,
				D5AC9999231FD84000A49E97 /* sns_icon_7.png */,
				D5AC999A231FD84000A49E97 /* sns_icon_7@2x.png */,
				D5AC999B231FD84000A49E97 /* sns_icon_6.png */,
				D5AC999C231FD84000A49E97 /* sns_icon_36.png */,
				D5AC999D231FD84000A49E97 /* sns_icon_22.png */,
				D5AC999E231FD84000A49E97 /* sns_icon_34.png */,
				D5AC999F231FD84000A49E97 /* sns_icon_20.png */,
				D5AC99A0231FD84000A49E97 /* sns_icon_17@2x.png */,
				D5AC99A1231FD84000A49E97 /* sns_icon_21@2x.png */,
				D5AC99A2231FD84000A49E97 /* sns_icon_5.png */,
				D5AC99A3231FD84000A49E97 /* sns_icon_42@2x.png */,
				D5AC99A4231FD84000A49E97 /* sns_icon_21.png */,
				D5AC99A5231FD84000A49E97 /* sns_icon_35.png */,
				D5AC99A6231FD84000A49E97 /* sns_icon_50@2x.png */,
				D5AC99A7231FD84000A49E97 /* sns_icon_52.png */,
				D5AC99A8231FD84000A49E97 /* sns_icon_46.png */,
				D5AC99A9231FD84000A49E97 /* sns_icon_47.png */,
				D5AC99AA231FD84000A49E97 /* sns_icon_53.png */,
				D5AC99AB231FD84000A49E97 /* sns_icon_45.png */,
				D5AC99AC231FD84000A49E97 /* sns_icon_51.png */,
				D5AC99AD231FD84000A49E97 /* sns_icon_37@2x.png */,
				D5AC99AE231FD84000A49E97 /* sns_icon_54@2x.png */,
				D5AC99AF231FD84000A49E97 /* sns_icon_58@2x.png */,
				D5AC99B0231FD84000A49E97 /* sns_icon_25@2x.png */,
				D5AC99B1231FD84000A49E97 /* sns_icon_46@2x.png */,
				D5AC99B2231FD84000A49E97 /* sns_icon_50.png */,
				D5AC99B3231FD84000A49E97 /* sns_icon_44.png */,
				D5AC99B4231FD84000A49E97 /* sns_icon_44@2x.png */,
				D5AC99B5231FD84000A49E97 /* sns_icon_40.png */,
				D5AC99B6231FD84000A49E97 /* sns_icon_54.png */,
				D5AC99B7231FD84000A49E97 /* sns_icon_39@2x.png */,
				D5AC99B8231FD84000A49E97 /* sns_icon_27@2x.png */,
				D5AC99B9231FD84000A49E97 /* sns_icon_56@2x.png */,
				D5AC99BA231FD84000A49E97 /* sns_icon_35@2x.png */,
				D5AC99BB231FD84000A49E97 /* sns_icon_60@2x.png */,
				D5AC99BC231FD84000A49E97 /* sns_icon_11@2x.png */,
				D5AC99BD231FD84000A49E97 /* sns_icon_55.png */,
				D5AC99BE231FD84000A49E97 /* sns_icon_41.png */,
				D5AC99BF231FD84000A49E97 /* sns_icon_57.png */,
				D5AC99C0231FD84000A49E97 /* sns_icon_43.png */,
				D5AC99C1231FD84000A49E97 /* sns_icon_996@2x.png */,
				D5AC99C2231FD84000A49E97 /* sns_icon_1@2x.png */,
				D5AC99C3231FD84000A49E97 /* sns_icon_42.png */,
				D5AC99C4231FD84000A49E97 /* sns_icon_56.png */,
			);
			path = Icon;
			sourceTree = "<group>";
		};
		ED4CF0EB0DCC1A926B264E55 /* Frameworks */ = {
			isa = PBXGroup;
			children = (
				0A9BD230B49B3404C3F22D50 /* libPods-ShareSDKForSwift.a */,
			);
			name = Frameworks;
			sourceTree = "<group>";
		};
/* End PBXGroup section */

/* Begin PBXNativeTarget section */
		D5882738231E1D7200260B6B /* ShareSDKForSwift */ = {
			isa = PBXNativeTarget;
			buildConfigurationList = D588274D231E1D7400260B6B /* Build configuration list for PBXNativeTarget "ShareSDKForSwift" */;
			buildPhases = (
				AD5A1010D152F3C95102981B /* [CP] Check Pods Manifest.lock */,
				D5882735231E1D7200260B6B /* Sources */,
				D5882736231E1D7200260B6B /* Frameworks */,
				D5882737231E1D7200260B6B /* Resources */,
			);
			buildRules = (
			);
			dependencies = (
			);
			name = ShareSDKForSwift;
			productName = ShareSDKForSwift;
			productReference = D5882739231E1D7200260B6B /* ShareSDKForSwift.app */;
			productType = "com.apple.product-type.application";
		};
/* End PBXNativeTarget section */

/* Begin PBXProject section */
		D5882731231E1D7200260B6B /* Project object */ = {
			isa = PBXProject;
			attributes = {
				CLASSPREFIX = MOB;
				LastSwiftUpdateCheck = 1100;
				LastUpgradeCheck = 1100;
				ORGANIZATIONNAME = mob;
				TargetAttributes = {
					D5882738231E1D7200260B6B = {
						CreatedOnToolsVersion = 11.0;
					};
				};
			};
			buildConfigurationList = D5882734231E1D7200260B6B /* Build configuration list for PBXProject "ShareSDKForSwift" */;
			compatibilityVersion = "Xcode 9.3";
			developmentRegion = en;
			hasScannedForEncodings = 0;
			knownRegions = (
				en,
				Base,
			);
			mainGroup = D5882730231E1D7200260B6B;
			productRefGroup = D588273A231E1D7200260B6B /* Products */;
			projectDirPath = "";
			projectRoot = "";
			targets = (
				D5882738231E1D7200260B6B /* ShareSDKForSwift */,
			);
		};
/* End PBXProject section */

/* Begin PBXResourcesBuildPhase section */
		D5882737231E1D7200260B6B /* Resources */ = {
			isa = PBXResourcesBuildPhase;
			buildActionMask = 2147483647;
			files = (
				D5AC9A22231FD84100A49E97 /* sns_icon_41.png in Resources */,
				D5AC9A1A231FD84100A49E97 /* sns_icon_54.png in Resources */,
				D5AC9A16231FD84100A49E97 /* sns_icon_50.png in Resources */,
				D5AC9A08231FD84100A49E97 /* sns_icon_21.png in Resources */,
				D5AC99ED231FD84100A49E97 /* sns_icon_25.png in Resources */,
				D5AC9A19231FD84100A49E97 /* sns_icon_40.png in Resources */,
				D5AC99EF231FD84100A49E97 /* sns_icon_19@2x.png in Resources */,
				D5AC9A10231FD84100A49E97 /* sns_icon_51.png in Resources */,
				D5AC9A0E231FD84100A49E97 /* sns_icon_53.png in Resources */,
				D5AC99F2231FD84100A49E97 /* sns_icon_40@2x.png in Resources */,
				D5AC99F3231FD84100A49E97 /* sns_icon_23@2x.png in Resources */,
				D5AC9A1B231FD84100A49E97 /* sns_icon_39@2x.png in Resources */,
				D5AC99D4231FD84100A49E97 /* sns_icon_38.png in Resources */,
				D5AC99D0231FD84100A49E97 /* sns_icon_51@2x.png in Resources */,
				D5AC9A26231FD84100A49E97 /* sns_icon_1@2x.png in Resources */,
				D5AC99D3231FD84100A49E97 /* sns_icon_6@2x.png in Resources */,
				D5AC99F5231FD84100A49E97 /* sns_icon_30.png in Resources */,
				D5AC9A09231FD84100A49E97 /* sns_icon_35.png in Resources */,
				D5AC9A21231FD84100A49E97 /* sns_icon_55.png in Resources */,
				D5AC9A25231FD84100A49E97 /* sns_icon_996@2x.png in Resources */,
				D5AC99C6231FD84100A49E97 /* sns_icon_58.png in Resources */,
				D5AC99CE231FD84100A49E97 /* sns_icon_43@2x.png in Resources */,
				D5AC9A07231FD84100A49E97 /* sns_icon_42@2x.png in Resources */,
				D588276D231E207600260B6B /* Default-568h@2x.png in Resources */,
				D5AC9A1D231FD84100A49E97 /* sns_icon_56@2x.png in Resources */,
				D5AC99E0231FD84100A49E97 /* sns_icon_996.png in Resources */,
				D5AC99F1231FD84100A49E97 /* sns_icon_52@2x.png in Resources */,
				D5AC99D5231FD84100A49E97 /* sns_icon_10.png in Resources */,
				D5AC99FB231FD84100A49E97 /* sns_icon_23.png in Resources */,
				D5AC9A13231FD84100A49E97 /* sns_icon_58@2x.png in Resources */,
				D5AC9A24231FD84100A49E97 /* sns_icon_43.png in Resources */,
				D5AC99F9231FD84100A49E97 /* sns_icon_2.png in Resources */,
				D5AC9A28231FD84100A49E97 /* sns_icon_56.png in Resources */,
				D5AC99DB231FD84100A49E97 /* sns_icon_24@2x.png in Resources */,
				D5AC99D7231FD84100A49E97 /* sns_icon_8.png in Resources */,
				D5AC9A04231FD84100A49E97 /* sns_icon_17@2x.png in Resources */,
				D5AC99DE231FD84100A49E97 /* sns_icon_39.png in Resources */,
				D5AC99DD231FD84100A49E97 /* sns_icon_11.png in Resources */,
				D5AC9A1F231FD84100A49E97 /* sns_icon_60@2x.png in Resources */,
				D5AC9A0D231FD84100A49E97 /* sns_icon_47.png in Resources */,
				D5AC99F6231FD84100A49E97 /* sns_icon_18.png in Resources */,
				D5AC99C8231FD84100A49E97 /* sns_icon_53@2x.png in Resources */,
				D5AC99C7231FD84100A49E97 /* sns_icon_30@2x.png in Resources */,
				D5AC99F7231FD84100A49E97 /* sns_icon_5@2x.png in Resources */,
				D5AC9A12231FD84100A49E97 /* sns_icon_54@2x.png in Resources */,
				D5AC9A02231FD84100A49E97 /* sns_icon_34.png in Resources */,
				D5AC9A15231FD84100A49E97 /* sns_icon_46@2x.png in Resources */,
				D5AC99FD231FD84100A49E97 /* sns_icon_7.png in Resources */,
				D5AC99CB231FD84100A49E97 /* sns_icon_14@2x.png in Resources */,
				D5AC9A0C231FD84100A49E97 /* sns_icon_46.png in Resources */,
				D5AC9A20231FD84100A49E97 /* sns_icon_11@2x.png in Resources */,
				D5AC99DC231FD84100A49E97 /* sns_icon_59@2x.png in Resources */,
				D5AC99CF231FD84100A49E97 /* sns_icon_20@2x.png in Resources */,
				D5AC99FF231FD84100A49E97 /* sns_icon_6.png in Resources */,
				D5AC99D8231FD84100A49E97 /* sns_icon_55@2x.png in Resources */,
				D5AC99C9231FD84100A49E97 /* sns_icon_22@2x.png in Resources */,
				D5AC99D2231FD84100A49E97 /* sns_icon_60.png in Resources */,
				D5AC99E3231FD84100A49E97 /* sns_icon_17.png in Resources */,
				D5AC99F8231FD84100A49E97 /* sns_icon_26.png in Resources */,
				D5AC9A0A231FD84100A49E97 /* sns_icon_50@2x.png in Resources */,
				D5AC99CA231FD84100A49E97 /* sns_icon_41@2x.png in Resources */,
				D5AC99FE231FD84100A49E97 /* sns_icon_7@2x.png in Resources */,
				D5AC9A0B231FD84100A49E97 /* sns_icon_52.png in Resources */,
				D5AC9A17231FD84100A49E97 /* sns_icon_44.png in Resources */,
				D5AC9A03231FD84100A49E97 /* sns_icon_20.png in Resources */,
				D5AC99C5231FD84100A49E97 /* sns_icon_8@2x.png in Resources */,
				D5AC9A11231FD84100A49E97 /* sns_icon_37@2x.png in Resources */,
				D5882761231E1E8B00260B6B /* LaunchScreen.storyboard in Resources */,
				D5AC9A00231FD84100A49E97 /* sns_icon_36.png in Resources */,
				D5AC99EB231FD84100A49E97 /* sns_icon_14.png in Resources */,
				D5AC99D1231FD84100A49E97 /* sns_icon_16@2x.png in Resources */,
				D5AC99E1231FD84100A49E97 /* sns_icon_12.png in Resources */,
				D5AC9A1C231FD84100A49E97 /* sns_icon_27@2x.png in Resources */,
				D5AC99D9231FD84100A49E97 /* sns_icon_36@2x.png in Resources */,
				D5AC99E4231FD84100A49E97 /* sns_icon_15.png in Resources */,
				D5AC99EA231FD84100A49E97 /* sns_icon_57@2x.png in Resources */,
				D5AC99CD231FD84100A49E97 /* sns_icon_59.png in Resources */,
				D5AC99DF231FD84100A49E97 /* sns_icon_2@2x.png in Resources */,
				D5AC99DA231FD84100A49E97 /* sns_icon_47@2x.png in Resources */,
				D5AC99E9231FD84100A49E97 /* sns_icon_34@2x.png in Resources */,
				D5AC99F4231FD84100A49E97 /* sns_icon_24.png in Resources */,
				D5882760231E1E8B00260B6B /* Assets.xcassets in Resources */,
				D5AC99EC231FD84100A49E97 /* sns_icon_19.png in Resources */,
				D5AC99E7231FD84100A49E97 /* sns_icon_38@2x.png in Resources */,
				D5AC9A1E231FD84100A49E97 /* sns_icon_35@2x.png in Resources */,
				D5AC9A27231FD84100A49E97 /* sns_icon_42.png in Resources */,
				D5AC99FA231FD84100A49E97 /* sns_icon_27.png in Resources */,
				D5AC99E2231FD84100A49E97 /* sns_icon_16.png in Resources */,
				D5AC99FC231FD84100A49E97 /* sns_icon_37.png in Resources */,
				D5AC9A18231FD84100A49E97 /* sns_icon_44@2x.png in Resources */,
				D58827C6231E7EBD00260B6B /* Main.storyboard in Resources */,
				D5AC99EE231FD84100A49E97 /* sns_icon_15@2x.png in Resources */,
				D5AC99E8231FD84100A49E97 /* sns_icon_45@2x.png in Resources */,
				D5AC99E5231FD84100A49E97 /* sns_icon_10@2x.png in Resources */,
				D5AC99CC231FD84100A49E97 /* sns_icon_18@2x.png in Resources */,
				D5AC9A23231FD84100A49E97 /* sns_icon_57.png in Resources */,
				D5AC99F0231FD84100A49E97 /* sns_icon_1.png in Resources */,
				D5AC9A0F231FD84100A49E97 /* sns_icon_45.png in Resources */,
				D5AC99E6231FD84100A49E97 /* sns_icon_26@2x.png in Resources */,
				D5AC9A01231FD84100A49E97 /* sns_icon_22.png in Resources */,
				D5AC9A06231FD84100A49E97 /* sns_icon_5.png in Resources */,
				D5AC9A14231FD84100A49E97 /* sns_icon_25@2x.png in Resources */,
				D5AC99D6231FD84100A49E97 /* sns_icon_12@2x.png in Resources */,
				D5AC9A05231FD84100A49E97 /* sns_icon_21@2x.png in Resources */,
			);
			runOnlyForDeploymentPostprocessing = 0;
		};
/* End PBXResourcesBuildPhase section */

/* Begin PBXShellScriptBuildPhase section */
		AD5A1010D152F3C95102981B /* [CP] Check Pods Manifest.lock */ = {
			isa = PBXShellScriptBuildPhase;
			buildActionMask = 2147483647;
			files = (
			);
			inputFileListPaths = (
			);
			inputPaths = (
				"${PODS_PODFILE_DIR_PATH}/Podfile.lock",
				"${PODS_ROOT}/Manifest.lock",
			);
			name = "[CP] Check Pods Manifest.lock";
			outputFileListPaths = (
			);
			outputPaths = (
				"$(DERIVED_FILE_DIR)/Pods-ShareSDKForSwift-checkManifestLockResult.txt",
			);
			runOnlyForDeploymentPostprocessing = 0;
			shellPath = /bin/sh;
			shellScript = "diff \"${PODS_PODFILE_DIR_PATH}/Podfile.lock\" \"${PODS_ROOT}/Manifest.lock\" > /dev/null\nif [ $? != 0 ] ; then\n    # print error to STDERR\n    echo \"error: The sandbox is not in sync with the Podfile.lock. Run 'pod install' or update your CocoaPods installation.\" >&2\n    exit 1\nfi\n# This output is used by Xcode 'outputs' to avoid re-running this script phase.\necho \"SUCCESS\" > \"${SCRIPT_OUTPUT_FILE_0}\"\n";
			showEnvVarsInLog = 0;
		};
/* End PBXShellScriptBuildPhase section */

/* Begin PBXSourcesBuildPhase section */
		D5882735231E1D7200260B6B /* Sources */ = {
			isa = PBXSourcesBuildPhase;
			buildActionMask = 2147483647;
			files = (
				D58827A0231E6E3700260B6B /* CAShaperLayer+XPChain.swift in Sources */,
				D58827A9231E6E3700260B6B /* UITextFiled+XPChain.swift in Sources */,
				D5882776231E24EC00260B6B /* MOBViewController.swift in Sources */,
				D58827C3231E740B00260B6B /* XPChain+SnapKit.swift in Sources */,
				D58827B3231E6E3700260B6B /* UITableView+XPChain.swift in Sources */,
				D58827C0231E6E3700260B6B /* UIGesture+XPChain.swift in Sources */,
				D58827B0231E6E3700260B6B /* UISlider+XPChain.swift in Sources */,
				D58827A1231E6E3700260B6B /* CAReplicatorLayer+XPChain.swift in Sources */,
				D58827AD231E6E3700260B6B /* UIImageView+XPChain.swift in Sources */,
				D58827AB231E6E3700260B6B /* UICollectionView+XPChain.swift in Sources */,
				D58827B1231E6E3700260B6B /* WKWebView+XPChain.swift in Sources */,
				D58827A7231E6E3700260B6B /* CAGreadientLayer+XPChain.swift in Sources */,
				D58827C1231E6E3700260B6B /* UIRotationGesture+XPChain.swift in Sources */,
				D58827AE231E6E3700260B6B /* UIView+XPChain.swift in Sources */,
				D58827B5231E6E3700260B6B /* UIActivityIndicatorView+XPChain.swift in Sources */,
				D588276A231E1EA600260B6B /* AppDelegate.swift in Sources */,
				D58827AC231E6E3700260B6B /* UITextInputTraits+Swift.swift in Sources */,
				D58827BF231E6E3700260B6B /* UILongPressGesture+XPChain.swift in Sources */,
				D51BF17E231F58D7008155A6 /* MOBUserInfoViewController.swift in Sources */,
				D588276B231E1EA600260B6B /* SceneDelegate.swift in Sources */,
				D58827B2231E6E3700260B6B /* UIVisualEffectView+XPChain.swift in Sources */,
				D588279F231E6E3700260B6B /* XPChain.swift in Sources */,
				D58827BA231E6E3700260B6B /* UIButton+XPChain.swift in Sources */,
				D58827BB231E6E3700260B6B /* UISwipeGesture+XPChain.swift in Sources */,
				D58827A3231E6E3700260B6B /* CATiledLayer+XPChain.swift in Sources */,
				D58827A2231E6E3700260B6B /* CATextLayer+XPChain.swift in Sources */,
				D58827AA231E6E3700260B6B /* UIScrollView+XPChain.swift in Sources */,
				D58827A4231E6E3700260B6B /* CATransFormLayer+XPChain.swift in Sources */,
				731B8E4C231ECA010011385D /* Util.swift in Sources */,
				D58827A8231E6E3700260B6B /* UITextView+XPChain.swift in Sources */,
				D58827B4231E6E3700260B6B /* UIControl+XPChain.swift in Sources */,
				D51BF17C231F58BA008155A6 /* MOBShareViewController.swift in Sources */,
				D58827B6231E6E3700260B6B /* UISwitch+XPChain.swift in Sources */,
				D58827B9231E6E3700260B6B /* UIDatePickerView+XPChain.swift in Sources */,
				D51BF185231F9FFB008155A6 /* MOBBaseViewProtocol.swift in Sources */,
				D58827BE231E6E3700260B6B /* UIPinchGesture+XPChain.swift in Sources */,
				D58827BC231E6E3700260B6B /* UIPanGesutre+XPChain.swift in Sources */,
				D58827A6231E6E3700260B6B /* CAScrollLayer+XPChain.swift in Sources */,
				D58827B8231E6E3700260B6B /* UILabel+XPChain.swift in Sources */,
				D58827B7231E6E3700260B6B /* UISegment+XPChain.swift in Sources */,
				D51BF180231F58E5008155A6 /* MOBAuthViewController.swift in Sources */,
				D58827AF231E6E3700260B6B /* UIPickerView+XPChain.swift in Sources */,
				D5AC995F231FC6E300A49E97 /* MOBPlatformQQModel.swift in Sources */,
				D58827A5231E6E3700260B6B /* CALayer+XPChain.swift in Sources */,
				D58827BD231E6E3700260B6B /* UITapGesture+XPChain.swift in Sources */,
				D5AC9A2A231FE1E200A49E97 /* MOBPlatformModel.swift in Sources */,
			);
			runOnlyForDeploymentPostprocessing = 0;
		};
/* End PBXSourcesBuildPhase section */

/* Begin PBXVariantGroup section */
		D588275C231E1E8B00260B6B /* LaunchScreen.storyboard */ = {
			isa = PBXVariantGroup;
			children = (
				D588275D231E1E8B00260B6B /* Base */,
			);
			name = LaunchScreen.storyboard;
			sourceTree = "<group>";
		};
		D58827C4231E7EBD00260B6B /* Main.storyboard */ = {
			isa = PBXVariantGroup;
			children = (
				D58827C5231E7EBD00260B6B /* Base */,
			);
			name = Main.storyboard;
			sourceTree = "<group>";
		};
/* End PBXVariantGroup section */

/* Begin XCBuildConfiguration section */
		D588274B231E1D7400260B6B /* Debug */ = {
			isa = XCBuildConfiguration;
			buildSettings = {
				ALWAYS_SEARCH_USER_PATHS = NO;
				CLANG_ANALYZER_NONNULL = YES;
				CLANG_ANALYZER_NUMBER_OBJECT_CONVERSION = YES_AGGRESSIVE;
				CLANG_CXX_LANGUAGE_STANDARD = "gnu++14";
				CLANG_CXX_LIBRARY = "libc++";
				CLANG_ENABLE_MODULES = YES;
				CLANG_ENABLE_OBJC_ARC = YES;
				CLANG_ENABLE_OBJC_WEAK = YES;
				CLANG_WARN_BLOCK_CAPTURE_AUTORELEASING = YES;
				CLANG_WARN_BOOL_CONVERSION = YES;
				CLANG_WARN_COMMA = YES;
				CLANG_WARN_CONSTANT_CONVERSION = YES;
				CLANG_WARN_DEPRECATED_OBJC_IMPLEMENTATIONS = YES;
				CLANG_WARN_DIRECT_OBJC_ISA_USAGE = YES_ERROR;
				CLANG_WARN_DOCUMENTATION_COMMENTS = YES;
				CLANG_WARN_EMPTY_BODY = YES;
				CLANG_WARN_ENUM_CONVERSION = YES;
				CLANG_WARN_INFINITE_RECURSION = YES;
				CLANG_WARN_INT_CONVERSION = YES;
				CLANG_WARN_NON_LITERAL_NULL_CONVERSION = YES;
				CLANG_WARN_OBJC_IMPLICIT_RETAIN_SELF = YES;
				CLANG_WARN_OBJC_LITERAL_CONVERSION = YES;
				CLANG_WARN_OBJC_ROOT_CLASS = YES_ERROR;
				CLANG_WARN_RANGE_LOOP_ANALYSIS = YES;
				CLANG_WARN_STRICT_PROTOTYPES = YES;
				CLANG_WARN_SUSPICIOUS_MOVE = YES;
				CLANG_WARN_UNGUARDED_AVAILABILITY = YES_AGGRESSIVE;
				CLANG_WARN_UNREACHABLE_CODE = YES;
				CLANG_WARN__DUPLICATE_METHOD_MATCH = YES;
				COPY_PHASE_STRIP = NO;
				DEBUG_INFORMATION_FORMAT = dwarf;
				ENABLE_STRICT_OBJC_MSGSEND = YES;
				ENABLE_TESTABILITY = YES;
				GCC_C_LANGUAGE_STANDARD = gnu11;
				GCC_DYNAMIC_NO_PIC = NO;
				GCC_NO_COMMON_BLOCKS = YES;
				GCC_OPTIMIZATION_LEVEL = 0;
				GCC_PREPROCESSOR_DEFINITIONS = (
					"DEBUG=1",
					"$(inherited)",
				);
				GCC_WARN_64_TO_32_BIT_CONVERSION = YES;
				GCC_WARN_ABOUT_RETURN_TYPE = YES_ERROR;
				GCC_WARN_UNDECLARED_SELECTOR = YES;
				GCC_WARN_UNINITIALIZED_AUTOS = YES_AGGRESSIVE;
				GCC_WARN_UNUSED_FUNCTION = YES;
				GCC_WARN_UNUSED_VARIABLE = YES;
				IPHONEOS_DEPLOYMENT_TARGET = 9.0;
				MTL_ENABLE_DEBUG_INFO = INCLUDE_SOURCE;
				MTL_FAST_MATH = YES;
				ONLY_ACTIVE_ARCH = YES;
				SDKROOT = iphoneos;
				SWIFT_ACTIVE_COMPILATION_CONDITIONS = DEBUG;
				SWIFT_OPTIMIZATION_LEVEL = "-Onone";
			};
			name = Debug;
		};
		D588274C231E1D7400260B6B /* Release */ = {
			isa = XCBuildConfiguration;
			buildSettings = {
				ALWAYS_SEARCH_USER_PATHS = NO;
				CLANG_ANALYZER_NONNULL = YES;
				CLANG_ANALYZER_NUMBER_OBJECT_CONVERSION = YES_AGGRESSIVE;
				CLANG_CXX_LANGUAGE_STANDARD = "gnu++14";
				CLANG_CXX_LIBRARY = "libc++";
				CLANG_ENABLE_MODULES = YES;
				CLANG_ENABLE_OBJC_ARC = YES;
				CLANG_ENABLE_OBJC_WEAK = YES;
				CLANG_WARN_BLOCK_CAPTURE_AUTORELEASING = YES;
				CLANG_WARN_BOOL_CONVERSION = YES;
				CLANG_WARN_COMMA = YES;
				CLANG_WARN_CONSTANT_CONVERSION = YES;
				CLANG_WARN_DEPRECATED_OBJC_IMPLEMENTATIONS = YES;
				CLANG_WARN_DIRECT_OBJC_ISA_USAGE = YES_ERROR;
				CLANG_WARN_DOCUMENTATION_COMMENTS = YES;
				CLANG_WARN_EMPTY_BODY = YES;
				CLANG_WARN_ENUM_CONVERSION = YES;
				CLANG_WARN_INFINITE_RECURSION = YES;
				CLANG_WARN_INT_CONVERSION = YES;
				CLANG_WARN_NON_LITERAL_NULL_CONVERSION = YES;
				CLANG_WARN_OBJC_IMPLICIT_RETAIN_SELF = YES;
				CLANG_WARN_OBJC_LITERAL_CONVERSION = YES;
				CLANG_WARN_OBJC_ROOT_CLASS = YES_ERROR;
				CLANG_WARN_RANGE_LOOP_ANALYSIS = YES;
				CLANG_WARN_STRICT_PROTOTYPES = YES;
				CLANG_WARN_SUSPICIOUS_MOVE = YES;
				CLANG_WARN_UNGUARDED_AVAILABILITY = YES_AGGRESSIVE;
				CLANG_WARN_UNREACHABLE_CODE = YES;
				CLANG_WARN__DUPLICATE_METHOD_MATCH = YES;
				COPY_PHASE_STRIP = NO;
				DEBUG_INFORMATION_FORMAT = "dwarf-with-dsym";
				ENABLE_NS_ASSERTIONS = NO;
				ENABLE_STRICT_OBJC_MSGSEND = YES;
				GCC_C_LANGUAGE_STANDARD = gnu11;
				GCC_NO_COMMON_BLOCKS = YES;
				GCC_WARN_64_TO_32_BIT_CONVERSION = YES;
				GCC_WARN_ABOUT_RETURN_TYPE = YES_ERROR;
				GCC_WARN_UNDECLARED_SELECTOR = YES;
				GCC_WARN_UNINITIALIZED_AUTOS = YES_AGGRESSIVE;
				GCC_WARN_UNUSED_FUNCTION = YES;
				GCC_WARN_UNUSED_VARIABLE = YES;
				IPHONEOS_DEPLOYMENT_TARGET = 9.0;
				MTL_ENABLE_DEBUG_INFO = NO;
				MTL_FAST_MATH = YES;
				SDKROOT = iphoneos;
				SWIFT_COMPILATION_MODE = wholemodule;
				SWIFT_OPTIMIZATION_LEVEL = "-O";
				VALIDATE_PRODUCT = YES;
			};
			name = Release;
		};
		D588274E231E1D7400260B6B /* Debug */ = {
			isa = XCBuildConfiguration;
			baseConfigurationReference = 3DDEA13B1EFD38E80738CD17 /* Pods-ShareSDKForSwift.debug.xcconfig */;
			buildSettings = {
				ASSETCATALOG_COMPILER_APPICON_NAME = AppIcon;
				CODE_SIGN_STYLE = Automatic;
				DEVELOPMENT_TEAM = 5KQQLB9477;
				INFOPLIST_FILE = "ShareSDKForSwift/Supporting Files/Info.plist";
				IPHONEOS_DEPLOYMENT_TARGET = 9.0;
				LD_RUNPATH_SEARCH_PATHS = (
					"$(inherited)",
					"@executable_path/Frameworks",
				);
				PRODUCT_BUNDLE_IDENTIFIER = com.mob.ShareSDKForSwift;
				PRODUCT_NAME = "$(TARGET_NAME)";
				SWIFT_VERSION = 5.0;
				SYSTEM_FRAMEWORK_SEARCH_PATHS = "$(SRCROOT)/**";
				TARGETED_DEVICE_FAMILY = "1,2";
				USER_HEADER_SEARCH_PATHS = "$(SRCROOT)/**";
			};
			name = Debug;
		};
		D588274F231E1D7400260B6B /* Release */ = {
			isa = XCBuildConfiguration;
			baseConfigurationReference = 8A383BEBBC1A55D5556279BD /* Pods-ShareSDKForSwift.release.xcconfig */;
			buildSettings = {
				ASSETCATALOG_COMPILER_APPICON_NAME = AppIcon;
				CODE_SIGN_STYLE = Automatic;
				DEVELOPMENT_TEAM = 5KQQLB9477;
				INFOPLIST_FILE = "ShareSDKForSwift/Supporting Files/Info.plist";
				IPHONEOS_DEPLOYMENT_TARGET = 9.0;
				LD_RUNPATH_SEARCH_PATHS = (
					"$(inherited)",
					"@executable_path/Frameworks",
				);
				PRODUCT_BUNDLE_IDENTIFIER = com.mob.ShareSDKForSwift;
				PRODUCT_NAME = "$(TARGET_NAME)";
				SWIFT_VERSION = 5.0;
				SYSTEM_FRAMEWORK_SEARCH_PATHS = "$(SRCROOT)/**";
				TARGETED_DEVICE_FAMILY = "1,2";
				USER_HEADER_SEARCH_PATHS = "$(SRCROOT)/**";
			};
			name = Release;
		};
/* End XCBuildConfiguration section */

/* Begin XCConfigurationList section */
		D5882734231E1D7200260B6B /* Build configuration list for PBXProject "ShareSDKForSwift" */ = {
			isa = XCConfigurationList;
			buildConfigurations = (
				D588274B231E1D7400260B6B /* Debug */,
				D588274C231E1D7400260B6B /* Release */,
			);
			defaultConfigurationIsVisible = 0;
			defaultConfigurationName = Release;
		};
		D588274D231E1D7400260B6B /* Build configuration list for PBXNativeTarget "ShareSDKForSwift" */ = {
			isa = XCConfigurationList;
			buildConfigurations = (
				D588274E231E1D7400260B6B /* Debug */,
				D588274F231E1D7400260B6B /* Release */,
			);
			defaultConfigurationIsVisible = 0;
			defaultConfigurationName = Release;
		};
/* End XCConfigurationList section */
	};
	rootObject = D5882731231E1D7200260B6B /* Project object */;
}
